version = 1
revision = 3
requires-python = ">=3.10"
resolution-markers = [
    "python_full_version >= '3.12'",
    "python_full_version < '3.12'",
]

[[package]]
name = "asgiref"
version = "3.12.1"
source = { registry = "https://pypi.org/simple" }
dependencies = [
    { name = "typing-extensions", marker = "python_full_version < '3.11'" },
]
sdist = { url = "https://files.pythonhosted.org/packages/e6/26/3b59f2bdae5f640389becb1f673cded775287f5fc4f816309d9ca9a3f93d/asgiref-3.12.1.tar.gz", hash = "sha256:59dcb51c272ad209d59bed5708a64a333083e86017d7fcdd67498eeab7784340", size = 42378, upload-time = "2026-07-14T09:56:18.087Z" }
wheels = [
    { url = "https://files.pythonhosted.org/packages/c0/1b/54f4ad77cd8a584fa70746c47df988e002cf1ee1eba43364d46f87803647/asgiref-3.12.1-py3-none-any.whl", hash = "sha256:fe386d1c2bff7259ea95929266d12a8cf9a8b5a1c2598402967d8792e7a7c094", size = 25478, upload-time = "2026-07-14T09:56:16.926Z" },
]

[[package]]
name = "click"
version = "8.4.2"
source = { registry = "https://pypi.org/simple" }
dependencies = [
    { name = "colorama", marker = "sys_platform == 'win32'" },
]
sdist = { url = "https://files.pythonhosted.org/packages/76/d4/81420972a676e8ffea40450d8c8c92943e7218a78fe9b64359836cc9876b/click-8.4.2.tar.gz", hash = "sha256:9a6cea6e60b17ebe0a44c5cc636d94f09bd66142c1cd7d8b4cd731c4917a15f6", size = 338000, upload-time = "2026-06-24T17:45:15.148Z" }
wheels = [
    { url = "https://files.pythonhosted.org/packages/fb/e2/79c688af8b210d232694e31e59da9f6ec747bae31c3f5946e4e9b98860d5/click-8.4.2-py3-none-any.whl", hash = "sha256:e6f9f66136c816745b9d65817da91d61d957fb16e02e4dcd0552553c5a197b76", size = 119243, upload-time = "2026-06-24T17:45:13.73Z" },
]

[[package]]
name = "colorama"
version = "0.4.6"
source = { registry = "https://pypi.org/simple" }
sdist = { url = "https://files.pythonhosted.org/packages/d8/53/6f443c9a4a8358a93a6792e2acffb9d9d5cb0a5cfd8802644b7b1c9a02e4/colorama-0.4.6.tar.gz", hash = "sha256:08695f5cb7ed6e0531a20572697297273c47b8cae5a63ffc6d6ed5c201be6e44", size = 27697, upload-time = "2022-10-25T02:36:22.414Z" }
wheels = [
    { url = "https://files.pythonhosted.org/packages/d1/d6/3965ed04c63042e047cb6a3e6ed1a63a35087b6a609aa3a15ed8ac56c221/colorama-0.4.6-py2.py3-none-any.whl", hash = "sha256:4f1d9991f5acc0ca119f9d443620b77f9d6b33703e51011c16baf57afb285fc6", size = 25335, upload-time = "2022-10-25T02:36:20.889Z" },
]

[[package]]
name = "crispy-bootstrap3"
version = "2024.1"
source = { registry = "https://pypi.org/simple" }
dependencies = [
    { name = "django", version = "5.2.16", source = { registry = "https://pypi.org/simple" }, marker = "python_full_version < '3.12'" },
    { name = "django", version = "6.0.7", source = { registry = "https://pypi.org/simple" }, marker = "python_full_version >= '3.12'" },
    { name = "django-crispy-forms" },
]
sdist = { url = "https://files.pythonhosted.org/packages/d1/80/ca6242629ea7405b4d6deb206f94dc3e2bff355ba139e94827f3be944eff/crispy-bootstrap3-2024.1.tar.gz", hash = "sha256:343c696ae1a854ac0ccad25e9e7d782400783034220a11aa179d1d799acf6161", size = 29205, upload-time = "2024-01-13T09:04:54.782Z" }
wheels = [
    { url = "https://files.pythonhosted.org/packages/64/94/343eddaec74bcaf691478f296b60de1c50ebccfc41ed78eb6bf9587616f1/crispy_bootstrap3-2024.1-py3-none-any.whl", hash = "sha256:257555c61ec6cd792e8654822e836794237465442a6e4b47ed31f7464e8c10f4", size = 21313, upload-time = "2024-01-13T09:04:53.289Z" },
]

[[package]]
name = "django"
version = "5.2.16"
source = { registry = "https://pypi.org/simple" }
resolution-markers = [
    "python_full_version < '3.12'",
]
dependencies = [
    { name = "asgiref" },
    { name = "sqlparse" },
    { name = "tzdata", marker = "sys_platform == 'win32'" },
]
sdist = { url = "https://files.pythonhosted.org/packages/a9/26/889449d521ae508b26de715954faecd8bcf3f740affb81b2d146a83b42a5/django-5.2.16.tar.gz", hash = "sha256:59ea02020c3136fce14bef0bbece21a10a4febef5eed1c51c22ae468efa22200", size = 10890894, upload-time = "2026-07-07T13:52:17.005Z" }
wheels = [
    { url = "https://files.pythonhosted.org/packages/4e/13/1e5e3e4c15dcecb04281b3cb2a46a4670e1cef131068e202f6040df19224/django-5.2.16-py3-none-any.whl", hash = "sha256:04f354bf9d807a86ad1a8392fe3808d362358a8eafc322848e0e43e59b24371d", size = 8311943, upload-time = "2026-07-07T13:52:11.223Z" },
]

[[package]]
name = "django"
version = "6.0.7"
source = { registry = "https://pypi.org/simple" }
resolution-markers = [
    "python_full_version >= '3.12'",
]
dependencies = [
    { name = "asgiref" },
    { name = "sqlparse" },
    { name = "tzdata", marker = "sys_platform == 'win32'" },
]
sdist = { url = "https://files.pythonhosted.org/packages/89/55/664f24ff81c9ea19cb7dfc851afeae1f3c2390c7aee01d4ded68b5c1580d/django-6.0.7.tar.gz", hash = "sha256:2998503fc083124fb58037084bfa00de323c7c743f05f1b4284e77bff0ab8890", size = 10921299, upload-time = "2026-07-07T13:51:26.485Z" }
wheels = [
    { url = "https://files.pythonhosted.org/packages/ba/ec/1ce5334b6a2c52ce619c23a0be8d366a57a0e080ebb2d88266e5c849157c/django-6.0.7-py3-none-any.whl", hash = "sha256:a037427c2288443a8c02a1b02295a31c239663aa682bc50b1976afb7cf6a769e", size = 8373344, upload-time = "2026-07-07T13:51:20.007Z" },
]

[[package]]
name = "django-bootstrap3-datetimepicker-2"
version = "2.8.3"
source = { registry = "https://pypi.org/simple" }
sdist = { url = "https://files.pythonhosted.org/packages/30/60/4e5557e2269f7e4c66d0bf6faa76b706ec7f3f71afded14caeb61fa11b2e/django-bootstrap3-datetimepicker-2-2.8.3.tar.gz", hash = "sha256:d1859b55f6ea29eadc544ac8c27b302b855d44e18a3be7d47eca05eea6b015ce", size = 7819, upload-time = "2022-08-08T13:41:39.149Z" }
wheels = [
    { url = "https://files.pythonhosted.org/packages/fb/f9/be4ed98600bc7a2ea3478613928fd1d475ca220e85073f98d2008f98c7e8/django_bootstrap3_datetimepicker_2-2.8.3-py3-none-any.whl", hash = "sha256:56887e785f431b6416a262aef4d0cf18bf061d831d4c314cbe816875fd07f56a", size = 7448, upload-time = "2022-08-08T13:41:37.696Z" },
]

[[package]]
name = "django-crispy-forms"
version = "2.6"
source = { registry = "https://pypi.org/simple" }
dependencies = [
    { name = "django", version = "5.2.16", source = { registry = "https://pypi.org/simple" }, marker = "python_full_version < '3.12'" },
    { name = "django", version = "6.0.7", source = { registry = "https://pypi.org/simple" }, marker = "python_full_version >= '3.12'" },
]
sdist = { url = "https://files.pythonhosted.org/packages/73/42/c2cfb672493730b963ef377b103e29871c56348a215d0ae8cf362fe8ab1e/django_crispy_forms-2.6.tar.gz", hash = "sha256:4921a1087c6cd4f9fa3c139654c1de1c1c385f8bd6729aaee530bc0121ab4b93", size = 1097838, upload-time = "2026-03-01T09:03:37.138Z" }
wheels = [
    { url = "https://files.pythonhosted.org/packages/96/e3/4c5915a732d6ab54da8871400852b67529518eedfb6b78ecf10bbccfcabb/django_crispy_forms-2.6-py3-none-any.whl", hash = "sha256:8ee0ae28b6b0ac41ff48a65944480c049fe8d1b0047086874fd7efabf4ec1374", size = 31479, upload-time = "2026-03-01T09:03:36.048Z" },
]

[[package]]
name = "django-types"
version = "0.24.0"
source = { registry = "https://pypi.org/simple" }
dependencies = [
    { name = "types-psycopg2" },
]
sdist = { url = "https://files.pythonhosted.org/packages/d7/7b/8e05b8631fa7de84038d4f24fa57e983107aff889a6d88a9c40a21e15d1c/django_types-0.24.0.tar.gz", hash = "sha256:af903de8b9ee963b7594459a7a20cb8eaaab176ae2b3244ecaa089e0c570b0d1", size = 208426, upload-time = "2026-04-22T22:19:01.999Z" }
wheels = [
    { url = "https://files.pythonhosted.org/packages/2f/ab/f5c37ecc08c396df62579246597796697b58253c8b30206870e8d0f644d0/django_types-0.24.0-py3-none-any.whl", hash = "sha256:ddb478ca733e0dde5475118dd59ab340156980f9659fd92de2083326ae96100a", size = 379436, upload-time = "2026-04-22T22:19:03.368Z" },
]

[[package]]
name = "expensely"
version = "2020.1"
source = { editable = "." }
dependencies = [
    { name = "crispy-bootstrap3" },
    { name = "django", version = "5.2.16", source = { registry = "https://pypi.org/simple" }, marker = "python_full_version < '3.12'" },
    { name = "django", version = "6.0.7", source = { registry = "https://pypi.org/simple" }, marker = "python_full_version >= '3.12'" },
    { name = "django-bootstrap3-datetimepicker-2" },
    { name = "django-crispy-forms" },
    { name = "granian" },
    { name = "pytz" },
]

[package.optional-dependencies]
postgres = [
    { name = "psycopg2" },
]

[package.dev-dependencies]
dev = [
    { name = "django-types" },
    { name = "ruff" },
]

[package.metadata]
requires-dist = [
    { name = "crispy-bootstrap3", specifier = ">=2024.1" },
    { name = "django", specifier = ">=5.2.15" },
    { name = "django-bootstrap3-datetimepicker-2", specifier = ">=2.8.2" },
    { name = "django-crispy-forms", specifier = ">=2.3" },
    { name = "granian", specifier = ">=2.6.1,<3" },
    { name = "psycopg2", marker = "extra == 'postgres'", specifier = ">=2.9.10,<3" },
    { name = "pytz", specifier = ">=2020.1" },
]
provides-extras = ["postgres"]

[package.metadata.requires-dev]
dev = [
    { name = "django-types" },
    { name = "ruff", specifier = ">=0.9" },
]

[[package]]
name = "granian"
version = "2.7.9"
source = { registry = "https://pypi.org/simple" }
dependencies = [
    { name = "click" },
]
sdist = { url = "https://files.pythonhosted.org/packages/b0/cc/9c752e6173df02c5e37c0df7bffd50c1341109e4b4f8e5073bfd3a72dc82/granian-2.7.9.tar.gz", hash = "sha256:096d9a3396b13826bc63d2cf424ed04daf1ea077beed361d48dca2d55cb4b527", size = 129789, upload-time = "2026-07-03T12:42:03.314Z" }
wheels = [
    { url = "https://files.pythonhosted.org/packages/11/8d/909e09ae2317e8d9ea2f17c60460adeb10bb478a6e5d6ec47daab7ad1f8b/granian-2.7.9-cp310-cp310-macosx_10_12_x86_64.whl", hash = "sha256:f84e8650635836c9e4b19c503ba6907d9ec8fcf996a754eea449c2cd9421bb3d", size = 6491234, upload-time = "2026-07-03T12:40:04.941Z" },
    { url = "https://files.pythonhosted.org/packages/9c/31/d2b07484a0f06d9821775b0ff3ecd56113b1b9f7278f0b3dbb7199159e96/granian-2.7.9-cp310-cp310-macosx_11_0_arm64.whl", hash = "sha256:06d6956b9e899aade1c86ee8baf92e442fef3bae58584bc95c031d2feb1379d0", size = 6238377, upload-time = "2026-07-03T12:40:06.872Z" },
    { url = "https://files.pythonhosted.org/packages/8b/d2/1524ed3bb7e4f375b2fe6741ade348f2a5efd4a9fdc2892fa549adbe8e14/granian-2.7.9-cp310-cp310-manylinux_2_17_armv7l.manylinux2014_armv7l.whl", hash = "sha256:e7abd6f7a2ebf96e766bf26c76cf821adca1ac172226d55e705d08c3f005bf0f", size = 7215773, upload-time = "2026-07-03T12:40:08.406Z" },
    { url = "https://files.pythonhosted.org/packages/9d/61/322f61795703c07bf80e8232f2c48a16507206aa67ae82a9ed8fb9d8248f/granian-2.7.9-cp310-cp310-manylinux_2_17_i686.manylinux2014_i686.whl", hash = "sha256:f1c544e76044086d0a33e8c2ae12b3a0f523444fe20247a275e8bb5ff0ce2a9a", size = 6505025, upload-time = "2026-07-03T12:40:09.816Z" },
    { url = "https://files.pythonhosted.org/packages/be/6a/6967ca4eb5f24c59095f0bf6241d01df5e0ce4774085a7ac4c5bf466fe2a/granian-2.7.9-cp310-cp310-manylinux_2_17_x86_64.manylinux2014_x86_64.whl", hash = "sha256:d14c716a2b1a808b946dca99930f1bb1f1ae1fc3ad7f57c46a936343f35937da", size = 6874107, upload-time = "2026-07-03T12:40:10.964Z" },
    { url = "https://files.pythonhosted.org/packages/0c/59/506e576a937db6ad6c7d2293e6d4ad50e8475e0ca71859be08774c99110e/granian-2.7.9-cp310-cp310-manylinux_2_28_aarch64.whl", hash = "sha256:584e00da14d02e616df3af3f138b682af34a35e72e6d556220b214024e1b88db", size = 7036359, upload-time = "2026-07-03T12:40:12.347Z" },
    { url = "https://files.pythonhosted.org/packages/5a/5c/8a71c68d049cea7bdc09f123ee8d79a743594a4289be03f20da449314c09/granian-2.7.9-cp310-cp310-musllinux_1_1_aarch64.whl", hash = "sha256:ce5599288d31ca20a7b77482486737a5089155aeb7c0730a13878707c9f1eec7", size = 7018415, upload-time = "2026-07-03T12:40:13.562Z" },
    { url = "https://files.pythonhosted.org/packages/73/c4/a56be4dd7119e19a6cacf5a602fd1decafd5069b4e543cd4e0c46acbd96c/granian-2.7.9-cp310-cp310-musllinux_1_1_armv7l.whl", hash = "sha256:f1eee5f767d98ec373e50ff36c3f770f6db97e6cf7ed7b6afa367ee443eecffe", size = 7379094, upload-time = "2026-07-03T12:40:15.116Z" },
    { url = "https://files.pythonhosted.org/packages/1c/be/493b0235f3fe93b74a14755aed12b2222e9ea7d483ceeb956665298f2e0b/granian-2.7.9-cp310-cp310-musllinux_1_1_x86_64.whl", hash = "sha256:a6294af0dc726d6ace5cbaa58cd1f5ec2acf633e2a6a5e09ca4d5718e9de2f62", size = 6907810, upload-time = "2026-07-03T12:40:16.525Z" },
    { url = "https://files.pythonhosted.org/packages/89/bb/fe152a1314346da03884f2c9d88504b3e2f2918d9f16572d98318d6a94f4/granian-2.7.9-cp310-cp310-win_amd64.whl", hash = "sha256:5a327625b37c5ba2378b33b902ba4d9127f3c4fe52c9f1c1491774b8cabdc611", size = 4036486, upload-time = "2026-07-03T12:40:17.959Z" },
    { url = "https://files.pythonhosted.org/packages/7d/c3/b448c723ffc5ce1b4405654ad4502b8463ff055c05ff595bcbe726d1c6b1/granian-2.7.9-cp311-cp311-macosx_10_12_x86_64.whl", hash = "sha256:7edc7c798d01a8afb0ab8925d009a9403ab9585d11d450b8e7c4559d963101f5", size = 6513834, upload-time = "2026-07-03T12:40:19.208Z" },
    { url = "https://files.pythonhosted.org/packages/68/38/43ec59bfec87488db885f8a6b8cba49ffb56ccdf14648dcafa936580810f/granian-2.7.9-cp311-cp311-macosx_11_0_arm64.whl", hash = "sha256:b4dbf1e14f2b381a0a9d043598b8d496956d7e0e89ab43e4c04f415485be85a2", size = 6239285, upload-time = "2026-07-03T12:40:20.554Z" },
    { url = "https://files.pythonhosted.org/packages/27/e3/2ec22fe9a560dd7d62cb64ac5b6b9823af427afdc011c22380e22ce055f7/granian-2.7.9-cp311-cp311-manylinux_2_17_armv7l.manylinux2014_armv7l.whl", hash = "sha256:be49dc58a4220f3af127d26d2ffff58f75afabf7b790681e213bfcb95c51424b", size = 7216614, upload-time = "2026-07-03T12:40:21.874Z" },
    { url = "https://files.pythonhosted.org/packages/19/45/0be7994fb5487a82de64cc0b850bf6a03b813b7f31dde8b571bab44d1fdc/granian-2.7.9-cp311-cp311-manylinux_2_17_i686.manylinux2014_i686.whl", hash = "sha256:92f9460c68dfc41d57d255baf6dc3b15ade38b1c19fcb40ce1dd3aa74058b530", size = 6504761, upload-time = "2026-07-03T12:40:23.12Z" },
    { url = "https://files.pythonhosted.org/packages/27/e6/2825ac380b99ed96c44b745123663f35e194f068d2c989316677f6eec85e/granian-2.7.9-cp311-cp311-manylinux_2_17_x86_64.manylinux2014_x86_64.whl", hash = "sha256:a9395c947ef1884567e63b5c49bd53f4868daf94ac7047d85e73f94efc53c9f4", size = 6874543, upload-time = "2026-07-03T12:40:24.52Z" },
    { url = "https://files.pythonhosted.org/packages/db/6d/23eefe9c3fa664658d0a2c168e4d401c9a306eed5d78456f40a6b4ba93e8/granian-2.7.9-cp311-cp311-manylinux_2_28_aarch64.whl", hash = "sha256:cde124d00b8702300779badf9edb757449144a28fdedf6e8ab4d169d54f74fa4", size = 7035810, upload-time = "2026-07-03T12:40:25.783Z" },
    { url = "https://files.pythonhosted.org/packages/e5/bb/f8f6209a71636d1bc0f27ab7f4c6ef2dcbbffcc73fdeebabfc279ea8dcb8/granian-2.7.9-cp311-cp311-musllinux_1_1_aarch64.whl", hash = "sha256:331c1050b232ae0366c6e8d26aa4ceb5ad4247216b9c613854c27a8bd14c9205", size = 7018368, upload-time = "2026-07-03T12:40:27.166Z" },
    { url = "https://files.pythonhosted.org/packages/64/cc/64189390ebdb1b604ee94e39c2f739e35753796c73ed157584cf8d6dc702/granian-2.7.9-cp311-cp311-musllinux_1_1_armv7l.whl", hash = "sha256:02bed3191731ff6990308a322fb810890d211f7614d4c67825e92d93be7d2d97", size = 7378832, upload-time = "2026-07-03T12:40:29.063Z" },
    { url = "https://files.pythonhosted.org/packages/64/51/905ecd8596ac85bc3fa6c118ca33ce77ffe0234caa3a6fa5b9ec825b9b96/granian-2.7.9-cp311-cp311-musllinux_1_1_x86_64.whl", hash = "sha256:8faaa4e51758cf6d2b3b5b228d1cb9cc4d1be460d59ebb71951435505a2ee48a", size = 6907559, upload-time = "2026-07-03T12:40:30.672Z" },
    { url = "https://files.pythonhosted.org/packages/23/1b/b1f1ae9843c6dfcf623401cd6fea8f90a9de9dad4a01de878534f24a3f31/granian-2.7.9-cp311-cp311-win_amd64.whl", hash = "sha256:4918fc299a2b429a92fcee7006c0df63856bcc5e9dfc969be16a04ee1a7b1a81", size = 4035618, upload-time = "2026-07-03T12:40:31.943Z" },
    { url = "https://files.pythonhosted.org/packages/b8/7d/ea14f692056fc08d625aa62b404c10781393f98eadef0208d2fade1f5028/granian-2.7.9-cp312-cp312-macosx_10_12_x86_64.whl", hash = "sha256:e04d86c24948dbf3de0b6b1ac9a9d6c82514f5a6c4f27fe49991e5178a1d0d9f", size = 6534691, upload-time = "2026-07-03T12:40:33.299Z" },
    { url = "https://files.pythonhosted.org/packages/68/6e/6e172bad9a56ee79b9eb530dc45f993159872eb948868c6eb529828d46d8/granian-2.7.9-cp312-cp312-macosx_11_0_arm64.whl", hash = "sha256:3d741def2ad09c8e30880c909023c6d6b78ebe528c5c2e95de8523d967f625f1", size = 6209984, upload-time = "2026-07-03T12:40:34.666Z" },
    { url = "https://files.pythonhosted.org/packages/42/e6/f580baa79fc38c6d0ac83e6047150e66d842e5b2e393acc5188f356c73e4/granian-2.7.9-cp312-cp312-manylinux_2_17_armv7l.manylinux2014_armv7l.whl", hash = "sha256:497c99fc3d4fe0342add24e3c53da78f0d9505ec332dae9075527e00918617d4", size = 7161937, upload-time = "2026-07-03T12:40:36.203Z" },
    { url = "https://files.pythonhosted.org/packages/f1/ed/600a820132ce60a987091b8688e60fad3276fd63c1b726c329958d5a4148/granian-2.7.9-cp312-cp312-manylinux_2_17_i686.manylinux2014_i686.whl", hash = "sha256:e49f859672fe1e8e062f3be791bec2b3169505719ccf83459ff48aac52ee1d0f", size = 6440102, upload-time = "2026-07-03T12:40:37.553Z" },
    { url = "https://files.pythonhosted.org/packages/e9/c2/f38c504bdd150a5f8dc4907309d5467df827401614edabe0d7453e384770/granian-2.7.9-cp312-cp312-manylinux_2_17_x86_64.manylinux2014_x86_64.whl", hash = "sha256:7a720940970ce47b4b348d4e3c9fefe6ce0a40c46ac851c2e4cc0dcf5bd6e2a7", size = 6951056, upload-time = "2026-07-03T12:40:38.953Z" },
    { url = "https://files.pythonhosted.org/packages/78/01/f6ece64a623e604eac9024751aaf1fab11bf38483a8563a7e009ffa55e00/granian-2.7.9-cp312-cp312-manylinux_2_28_aarch64.whl", hash = "sha256:809ec8a9f44c69c49b158811ad78a3195d5e361662ce93dcb7afb848f5f2fd10", size = 7106920, upload-time = "2026-07-03T12:40:40.311Z" },
    { url = "https://files.pythonhosted.org/packages/62/18/e6f612945ab888cd7a4ff0d42a51f0d3d274bb1860ef90dfa7386d25ffbb/granian-2.7.9-cp312-cp312-musllinux_1_1_aarch64.whl", hash = "sha256:ea963e616edba406969579e296f853bee164db23c1a63b8d2268459797c64810", size = 7053385, upload-time = "2026-07-03T12:40:41.6Z" },
    { url = "https://files.pythonhosted.org/packages/db/01/25eda803061400b4176d7bb3f144948a065dc76299112ac9ec1d91871cc4/granian-2.7.9-cp312-cp312-musllinux_1_1_armv7l.whl", hash = "sha256:61270c22d6172fbb6f8e363bad19e8dcaefde27a9b0685bbffaa09835fdf44e3", size = 7346261, upload-time = "2026-07-03T12:40:43.286Z" },
    { url = "https://files.pythonhosted.org/packages/6d/e3/b3b049d22fc1dedf771410036da06c9bf05f9d24b63474147970ebbb99a0/granian-2.7.9-cp312-cp312-musllinux_1_1_x86_64.whl", hash = "sha256:b3000658f76ef2069aee455d3a0835e36fb073e8fd6e95d777cc0179eb97f5b2", size = 6991885, upload-time = "2026-07-03T12:40:44.742Z" },
    { url = "https://files.pythonhosted.org/packages/3e/44/d71bf6b7e40f9d44f67b9b0ed861fb89d0912daf88cdcb2b7c69feb7f6c2/granian-2.7.9-cp312-cp312-win_amd64.whl", hash = "sha256:eecd2aa017aa92bc165a9ad33c494e1cfcbfc68a5f055b43e729749899590867", size = 4066976, upload-time = "2026-07-03T12:40:46.135Z" },
    { url = "https://files.pythonhosted.org/packages/34/c4/a66d5c6daf849d012e871ed2684a2e7f81c518ce9f9e827f5900d99d5e7e/granian-2.7.9-cp313-cp313-macosx_10_12_x86_64.whl", hash = "sha256:23aa08e4d7563f0acb45424676a7d892a146493b5db0895efb5bc8e5121e3051", size = 6534637, upload-time = "2026-07-03T12:40:47.541Z" },
    { url = "https://files.pythonhosted.org/packages/c0/5e/27fe98fabcae553e3f5087b46f3185a257ed9ee5d7f145d2fd03309bcb60/granian-2.7.9-cp313-cp313-macosx_11_0_arm64.whl", hash = "sha256:233baf237d4d3768b4ca6cb6d26546de242e437e1af6050405dcc4673032977f", size = 6210219, upload-time = "2026-07-03T12:40:49.188Z" },
    { url = "https://files.pythonhosted.org/packages/bf/b3/9f72bd1f36bd3825d35eff3bd8d00c7a01affdec91387fec6e33e314dc6d/granian-2.7.9-cp313-cp313-manylinux_2_17_armv7l.manylinux2014_armv7l.whl", hash = "sha256:64eb08bcf4aca0375fae95a27ca2e78e9dfef7ccae8e12daaac8b2f0bd1cc718", size = 7162144, upload-time = "2026-07-03T12:40:50.497Z" },
    { url = "https://files.pythonhosted.org/packages/67/e3/21e699362e4ecd56d254519d042316444b34c2048e32869101db9bfb6db7/granian-2.7.9-cp313-cp313-manylinux_2_17_i686.manylinux2014_i686.whl", hash = "sha256:ff89b203cebba0780efa0360b6e23520323d05f799a610d4a07a5681067b7249", size = 6440457, upload-time = "2026-07-03T12:40:51.826Z" },
    { url = "https://files.pythonhosted.org/packages/25/d4/4afb3e49ca32b7b6528c2cde626ff60d43663c3567b500bcfbe40af3ca73/granian-2.7.9-cp313-cp313-manylinux_2_17_x86_64.manylinux2014_x86_64.whl", hash = "sha256:d4ddd82390b6fb9c025007f7ccd92e99d244211898a7851103f28688889dd905", size = 6950842, upload-time = "2026-07-03T12:40:53.317Z" },
    { url = "https://files.pythonhosted.org/packages/9c/1d/2a19bce46d187296752c9a54cf833f0472232eb6ad4152e99439163fbd1a/granian-2.7.9-cp313-cp313-manylinux_2_28_aarch64.whl", hash = "sha256:18e3f870a8c42500fe6c8d73d24a6888920e2a8740810ef1ddb83b0b67ce643e", size = 7106973, upload-time = "2026-07-03T12:40:54.916Z" },
    { url = "https://files.pythonhosted.org/packages/e2/36/091e26516a7d9093068665dfeffc61dd87c0cb9b9869ffdf452296ab237b/granian-2.7.9-cp313-cp313-musllinux_1_1_aarch64.whl", hash = "sha256:5dda81fbf58d8f173b9990e6300525359dc2641b88f03bbbe31cc693db5f530b", size = 7052872, upload-time = "2026-07-03T12:40:56.475Z" },
    { url = "https://files.pythonhosted.org/packages/20/f7/a4dca67e6b68014d548d957735521ce68b2e99a5474722663d048c740063/granian-2.7.9-cp313-cp313-musllinux_1_1_armv7l.whl", hash = "sha256:cae7ccfd34519241e92311e966763650f839b07b1195541cb0f5c180ef22df99", size = 7346092, upload-time = "2026-07-03T12:40:58.276Z" },
    { url = "https://files.pythonhosted.org/packages/c8/88/842e71b39a3a02a16d49b4495c20150055e0888aec6ceb1b965df3a872a5/granian-2.7.9-cp313-cp313-musllinux_1_1_x86_64.whl", hash = "sha256:ed501eafd6cb3c63924466860bf478ad23691d7ad16678b2069e75b5328a074c", size = 6991558, upload-time = "2026-07-03T12:41:00.072Z" },
    { url = "https://files.pythonhosted.org/packages/ba/2f/51a4db315adbc5e28bf5ac97cb93e04c5e7e6705dc0ef6c8220851453074/granian-2.7.9-cp313-cp313-win_amd64.whl", hash = "sha256:e79316015dd68624e021281b3d0e2d9446f04160db4f14140561fe4c0ffeaaa0", size = 4066887, upload-time = "2026-07-03T12:41:01.634Z" },
    { url = "https://files.pythonhosted.org/packages/5e/7f/62673800ed73a85d5b629f493d06a387834196e9463b115ef4fee35d1928/granian-2.7.9-cp313-cp313t-macosx_10_12_x86_64.whl", hash = "sha256:9aa2087ae2103e99ba169f53d718258205bf2ace7df87c9b6dd52e3f71a90335", size = 6331598, upload-time = "2026-07-03T12:41:03.07Z" },
    { url = "https://files.pythonhosted.org/packages/c5/f3/08878d6a5b010e39f168b3cffe5011183eab4464a58144ea5711d22d9888/granian-2.7.9-cp313-cp313t-macosx_11_0_arm64.whl", hash = "sha256:d52c262b5e0d345c0c0684b7536ea42f370a7bbb4720b1b625d60d84d87c81be", size = 6099199, upload-time = "2026-07-03T12:41:04.617Z" },
    { url = "https://files.pythonhosted.org/packages/34/b3/fc344b4bc668d5f4eae9bddbd0eb8f2517214470dd40d178c6c51d14be22/granian-2.7.9-cp313-cp313t-manylinux_2_12_i686.manylinux2010_i686.whl", hash = "sha256:6d08149dfa9777ba281ddf7d7df7ae5473cf6c2fa8815ac33301a24acf33e875", size = 6299537, upload-time = "2026-07-03T12:41:05.99Z" },
    { url = "https://files.pythonhosted.org/packages/4f/32/65a9b41f107bf76fd23c6c6102eee6ac1112cb84250408d034517cb415aa/granian-2.7.9-cp313-cp313t-manylinux_2_17_armv7l.manylinux2014_armv7l.whl", hash = "sha256:d019f88e7944c3e3967da833e758c85cb6c35c7a82a8185eba23243b5cf24b7c", size = 7210150, upload-time = "2026-07-03T12:41:07.633Z" },
    { url = "https://files.pythonhosted.org/packages/29/f3/60413bf1a6f6da32b10a3dcfb45c2d09de2dc2f6829555323239635b6398/granian-2.7.9-cp313-cp313t-manylinux_2_17_x86_64.manylinux2014_x86_64.whl", hash = "sha256:e155eb6d3c8827ef3821c80ae6a5f7a61f37562d121240128ce099e3db06ad2f", size = 6673489, upload-time = "2026-07-03T12:41:09.429Z" },
    { url = "https://files.pythonhosted.org/packages/ab/a0/6cd1b05e0a868b224232fb203838272cdd3165d16338a847f726b21926e2/granian-2.7.9-cp313-cp313t-manylinux_2_28_aarch64.whl", hash = "sha256:ac516f3cbdce733578ee91a8139d624a1dccf9ab782fb9f3ab58254ebe6c29ad", size = 6829812, upload-time = "2026-07-03T12:41:10.945Z" },
    { url = "https://files.pythonhosted.org/packages/9e/72/cbb85914df3e09e9ad6a59406157622a50e64df960e378d1091195a5a0a2/granian-2.7.9-cp313-cp313t-musllinux_1_1_aarch64.whl", hash = "sha256:73e8fe3d162c66d1eddaee825e59379bbf7a384ff776ae984baf796cf1b81fe3", size = 6976912, upload-time = "2026-07-03T12:41:12.412Z" },
    { url = "https://files.pythonhosted.org/packages/57/7c/ce3d1ef6f8999106a41d828c88f154b6bc6f700950894613e62a3bb46e2e/granian-2.7.9-cp313-cp313t-musllinux_1_1_armv7l.whl", hash = "sha256:12da3d84a9dce7706a19f6a98e8f7c3624721ff66bc34a60cfc4d58e2d6593b9", size = 7418223, upload-time = "2026-07-03T12:41:13.956Z" },
    { url = "https://files.pythonhosted.org/packages/b4/2f/38daac752e7384c5da56803a65428ef29a196df8e436082813b391877ef5/granian-2.7.9-cp313-cp313t-musllinux_1_1_x86_64.whl", hash = "sha256:887f0f1e045314044712a2e3799991c7be0ba4129f6806b82e40f502417694d9", size = 6951268, upload-time = "2026-07-03T12:41:15.646Z" },
    { url = "https://files.pythonhosted.org/packages/e4/95/4cbe8728c9e609f33ec676e194a6296cd628bfb9d6c1310f4ab06634f09a/granian-2.7.9-cp313-cp313t-win_amd64.whl", hash = "sha256:2836fd595a144be7e70faebddf1ce7b4e0c136a7017d75660b88c8da63c0f0ff", size = 4003202, upload-time = "2026-07-03T12:41:17.072Z" },
    { url = "https://files.pythonhosted.org/packages/43/fa/b388d36bef00f28f2c99df3ab7a08878116d4d1d654b6f93f7b0ef9cde5b/granian-2.7.9-cp314-cp314-macosx_10_12_x86_64.whl", hash = "sha256:17e6975266757b05fd59163a3b5ccd7a9d50c227b13e58b9e5b47eff0609c17f", size = 6451170, upload-time = "2026-07-03T12:41:18.484Z" },
    { url = "https://files.pythonhosted.org/packages/8f/ac/2fdc222d98960c5d0a1d1970ee52f9f4e3a953b2862d7be8fb043e74e0c1/granian-2.7.9-cp314-cp314-macosx_11_0_arm64.whl", hash = "sha256:554543e1085ff6bf60eb0f0e995a8a412e92165e92113f9bae9e1fdfeec2ca72", size = 6169769, upload-time = "2026-07-03T12:41:20.31Z" },
    { url = "https://files.pythonhosted.org/packages/b2/79/beaa9a25285aea37b7bf9c2fa7357871b51ae1a7ee79501d570386e188ab/granian-2.7.9-cp314-cp314-manylinux_2_17_armv7l.manylinux2014_armv7l.whl", hash = "sha256:1f06eb3a1c5ce9bf050e94f37310a6add0410ddee75fc65563e86d1619eea384", size = 7269037, upload-time = "2026-07-03T12:41:21.751Z" },
    { url = "https://files.pythonhosted.org/packages/be/e4/ef1ca00cc17664548427908da36d9a16e29e7adb34318d5173d1c00ecd1c/granian-2.7.9-cp314-cp314-manylinux_2_17_i686.manylinux2014_i686.whl", hash = "sha256:d17720e112e40563bfefa7b8031d37372234b568784c07250322887631f168f8", size = 6539295, upload-time = "2026-07-03T12:41:23.486Z" },
    { url = "https://files.pythonhosted.org/packages/9d/c5/80826359e26079665562b362f0a5f05261183a8b423e31c954f110313bb4/granian-2.7.9-cp314-cp314-manylinux_2_17_x86_64.manylinux2014_x86_64.whl", hash = "sha256:607a02fbda1905cc0b0764f09fab1d601299e482ebb1d9722e61ca08742fb0df", size = 6981221, upload-time = "2026-07-03T12:41:24.861Z" },
    { url = "https://files.pythonhosted.org/packages/ab/77/d595c9698b7799e28c4dc9a3091d30dbea9e20e9e92926e47f9c974b7a77/granian-2.7.9-cp314-cp314-manylinux_2_28_aarch64.whl", hash = "sha256:e2eb74974682bf8635dff79f356d3fd86193c8c1ebed1baffa75ad1793fddbc7", size = 7131507, upload-time = "2026-07-03T12:41:26.347Z" },
    { url = "https://files.pythonhosted.org/packages/99/46/5200e2b09feae19b7a96371eb2f1523faf2e99aae60584f286db0263cea6/granian-2.7.9-cp314-cp314-musllinux_1_1_aarch64.whl", hash = "sha256:33ba7e10bfd30b196b866a9b4b828c9a108a22325936f7d07def89a6b9f21dce", size = 7067731, upload-time = "2026-07-03T12:41:27.999Z" },
    { url = "https://files.pythonhosted.org/packages/87/06/432aaa769de91176944d3210734e27c223c77b76da359699067cd90d4c65/granian-2.7.9-cp314-cp314-musllinux_1_1_armv7l.whl", hash = "sha256:e2cf4c926e99718576e4ba201d884a56b0e62d8ede39c7468b26cbe2d98c30e5", size = 7449207, upload-time = "2026-07-03T12:41:29.481Z" },
    { url = "https://files.pythonhosted.org/packages/d8/83/8e5e429ebb1465c998403a60e0078784d28b819954c387a9558d99b6c3c5/granian-2.7.9-cp314-cp314-musllinux_1_1_x86_64.whl", hash = "sha256:665a82ce3f48a4b5e1f4cc83115d3b9a2647b3f222d072db6716223e6dfc86d2", size = 7031706, upload-time = "2026-07-03T12:41:31.209Z" },
    { url = "https://files.pythonhosted.org/packages/51/5c/b82a31436c740dd0a87e091998f9c350739cbd260aa3880db6f5418112a7/granian-2.7.9-cp314-cp314-win_amd64.whl", hash = "sha256:74d6e50277621e2faa41931d4ddaeae0735e39a20ebaccc49a2282549a4d5297", size = 4080721, upload-time = "2026-07-03T12:41:32.64Z" },
    { url = "https://files.pythonhosted.org/packages/11/fb/aa241630b4e987c0b343d08c71e20a89098f9c863a12842afa19930f82a0/granian-2.7.9-cp314-cp314t-macosx_10_12_x86_64.whl", hash = "sha256:1a9b34e5d46a48fa6f017d6afa546f4d35aa6a2a10737e9c49c5c9108e6a4280", size = 6254314, upload-time = "2026-07-03T12:41:34.139Z" },
    { url = "https://files.pythonhosted.org/packages/76/1c/787f63df68e28b9e5793efd80c7ba9e1a0e77663c921525552ac3b0d9305/granian-2.7.9-cp314-cp314t-macosx_11_0_arm64.whl", hash = "sha256:ea97a1928b414a35903667440875e0f0f4d2f7a341e8d198ab57f0b2cb70af28", size = 6078452, upload-time = "2026-07-03T12:41:36.228Z" },
    { url = "https://files.pythonhosted.org/packages/b5/60/fcc41cd8f394c12785fc2f9d9843ad4329e90a2468d0aaf3474be3255e90/granian-2.7.9-cp314-cp314t-manylinux_2_12_i686.manylinux2010_i686.whl", hash = "sha256:57edbef65585ac69d6ada7b9d7cb6fcd6ebeb2e663833c246f72d3634851f5ac", size = 6298703, upload-time = "2026-07-03T12:41:37.906Z" },
    { url = "https://files.pythonhosted.org/packages/05/0f/555c2f436cf386614e8197ffc3a27c6e3a812149fd84367d2f988361b4fe/granian-2.7.9-cp314-cp314t-manylinux_2_17_armv7l.manylinux2014_armv7l.whl", hash = "sha256:3e39cdfcd5a0ed8e9e8a5e21cd65085ac3a4c73ac5f258f804aedc729cdfa2bb", size = 7241919, upload-time = "2026-07-03T12:41:39.679Z" },
    { url = "https://files.pythonhosted.org/packages/4c/4c/13bd13b0dcc2697b521e75efbeede7328c0809f3e93e964362fd334c0dd4/granian-2.7.9-cp314-cp314t-manylinux_2_17_x86_64.manylinux2014_x86_64.whl", hash = "sha256:1c254a1b2027612f0df6e47e8059fd304cda287be25421e1dced4d6b56fb054c", size = 6673295, upload-time = "2026-07-03T12:41:41.483Z" },
    { url = "https://files.pythonhosted.org/packages/02/0a/c0b977247bf3dd4efa92903dd316b8089f7e67cb21922e83cdcdd98201f7/granian-2.7.9-cp314-cp314t-manylinux_2_28_aarch64.whl", hash = "sha256:f9669323b5cd90be7565711bc75363eccf75b6aecdbb0b286f1a860199ef800c", size = 6830753, upload-time = "2026-07-03T12:41:42.979Z" },
    { url = "https://files.pythonhosted.org/packages/08/b2/8f50b2d83452ee3100fcd1b26a5de5206b8befeb9d36b79e6c20d5f6dacd/granian-2.7.9-cp314-cp314t-musllinux_1_1_aarch64.whl", hash = "sha256:c6475981a0cbf766575a0146bdbe52439185a5040cef2a3969214ca1ef6a5e18", size = 6976795, upload-time = "2026-07-03T12:41:44.6Z" },
    { url = "https://files.pythonhosted.org/packages/92/3a/bec3533aaaff69a9a984f3fd578a2ca29548c9d8503770b1ba5c2260aecd/granian-2.7.9-cp314-cp314t-musllinux_1_1_armv7l.whl", hash = "sha256:3022cde5c662716db8fe16838ba351e0897768435b9c732afc9a4a7322ed05d5", size = 7420697, upload-time = "2026-07-03T12:41:46.332Z" },
    { url = "https://files.pythonhosted.org/packages/c6/d9/4526cc50a1fe3addcc29fe3c7c676d64046f724a4d8e4e29d76ba7dcbe04/granian-2.7.9-cp314-cp314t-musllinux_1_1_x86_64.whl", hash = "sha256:6c7e3193da47554561142be7a58520b36a01f6a2da57a7bcbe61f970fb53cc0c", size = 6950255, upload-time = "2026-07-03T12:41:48.023Z" },
    { url = "https://files.pythonhosted.org/packages/0a/62/aa89482ffbc3e56d533cf8c87a91cfb58c486e6a77c522fa34c9f8874113/granian-2.7.9-cp314-cp314t-win_amd64.whl", hash = "sha256:d2cef5a15afee90683944a3b23694e97d75adeafd59ef85ff3896bc9462695d2", size = 3992366, upload-time = "2026-07-03T12:41:49.523Z" },
    { url = "https://files.pythonhosted.org/packages/90/82/d67dff2240a0627fb6bca3f0489d3d05a0083d81610c7efb6be71131b94a/granian-2.7.9-pp311-pypy311_pp73-macosx_10_12_x86_64.whl", hash = "sha256:b87dd3e65a4ce09ae2113b3fa36f741aaa2aa6e4c31f16bf67c64b2b7c3ade02", size = 6485972, upload-time = "2026-07-03T12:41:50.981Z" },
    { url = "https://files.pythonhosted.org/packages/91/5d/5cd74e0568e44bfc3dd946cc7cfa050851e94837905229dd84ddf17a8eae/granian-2.7.9-pp311-pypy311_pp73-macosx_11_0_arm64.whl", hash = "sha256:03af38185c3fd321713123fafbeb711ca84a7b221c8d159daa82d7c57cb02141", size = 6183599, upload-time = "2026-07-03T12:41:52.295Z" },
    { url = "https://files.pythonhosted.org/packages/6e/4f/1710313a9b545877a61880177a3b909f195ab31bf1504294256a811f866f/granian-2.7.9-pp311-pypy311_pp73-manylinux_2_17_x86_64.manylinux2014_x86_64.whl", hash = "sha256:00530458f3cbfcd922cd8b8c2eb2cc17123ff84850de946a4c4839e35e9b74fd", size = 6984936, upload-time = "2026-07-03T12:41:53.868Z" },
    { url = "https://files.pythonhosted.org/packages/fd/26/e15744979d1788aceaa53a0c0bf9d9988f2a9b7400b8b4ea4dc3fdfca99b/granian-2.7.9-pp311-pypy311_pp73-manylinux_2_28_aarch64.whl", hash = "sha256:332a6111fff536dca96776f33bfec9415bf5b66c53f46604b9f2d2b5b7a6036a", size = 7120242, upload-time = "2026-07-03T12:41:55.427Z" },
    { url = "https://files.pythonhosted.org/packages/9b/76/ac022a2f9bea3df682462941d1a4da73160eb0f29c0a56dd987a8cda5164/granian-2.7.9-pp311-pypy311_pp73-musllinux_1_1_aarch64.whl", hash = "sha256:22caac0f82396d792860f7f0ab6012231b1578ba7e50427306c4f17d1e146dfb", size = 7078500, upload-time = "2026-07-03T12:41:56.803Z" },
    { url = "https://files.pythonhosted.org/packages/61/77/6b0540cb5e6de8af77b9cb16911dbbd3ba8737943eeb8555bf2fa92b3019/granian-2.7.9-pp311-pypy311_pp73-musllinux_1_1_armv7l.whl", hash = "sha256:b13dd27d32b4fb2ff8a7fd79f80de78bd706c946a8cb1c6ea8a7b83a56086c5e", size = 7462541, upload-time = "2026-07-03T12:41:58.416Z" },
    { url = "https://files.pythonhosted.org/packages/0d/7f/f730949f75f3a79993fb7c2255f9f82376ff83f8c13ec724cc92b668a0ab/granian-2.7.9-pp311-pypy311_pp73-musllinux_1_1_x86_64.whl", hash = "sha256:8adc5757b1f1d3e5ad0f50787f459ea33fb8c4434d3d4c3ad2a0694a761c2ce5", size = 6998862, upload-time = "2026-07-03T12:42:00.143Z" },
    { url = "https://files.pythonhosted.org/packages/87/78/361ded082262cd1c142bd1cfd591710211148d3ac371eecca81d78c6b803/granian-2.7.9-pp311-pypy311_pp73-win_amd64.whl", hash = "sha256:44564f8d0f2971550285f21ff815e75b0c5761a0230d5ef3f05d8af851628ee6", size = 4054196, upload-time = "2026-07-03T12:42:02.01Z" },
]

[[package]]
name = "psycopg2"
version = "2.9.12"
source = { registry = "https://pypi.org/simple" }
sdist = { url = "https://files.pythonhosted.org/packages/c7/bc/f66df707ed1aec949fbf24e4460e4f4277a7ba23cdadb3965bb1f634ddb9/psycopg2-2.9.12.tar.gz", hash = "sha256:1dedb1c7a1d8552c4a6044c6b1c41a52e6a8e2d144af83eccac758076b1b7c15", size = 379683, upload-time = "2026-04-20T23:36:11.013Z" }
wheels = [
    { url = "https://files.pythonhosted.org/packages/14/7e/940ade9113c6cdd8b4c0b27f820006bdf91c30170a5a95e8332104d5d3ed/psycopg2-2.9.12-cp310-cp310-win_amd64.whl", hash = "sha256:d5fbe092315fb007c03544704e6d1e678a6c0378139d01cea433dc59edf041b4", size = 2756868, upload-time = "2026-04-20T23:33:13.049Z" },
    { url = "https://files.pythonhosted.org/packages/cc/a1/9cc069f8efc92383d3823ef8805c932f5fda723b3f07d2a8ee019ae2919f/psycopg2-2.9.12-cp311-cp311-win_amd64.whl", hash = "sha256:2532c0cdc6ad18c9c35cd935cc3159712e14f05276a6d29a6435c52d24b840c1", size = 2756862, upload-time = "2026-04-20T23:33:17.206Z" },
    { url = "https://files.pythonhosted.org/packages/7e/b2/7319dc488444b1dfe9ce89c4440df1d5425e2579e6ce9a63e2b70f648491/psycopg2-2.9.12-cp312-cp312-win_amd64.whl", hash = "sha256:83d48e66e18c301d832e93c984a7bcbc0f4ac3bb79e2137e3bc335978c756dc0", size = 2757068, upload-time = "2026-04-20T23:33:20.664Z" },
    { url = "https://files.pythonhosted.org/packages/91/ab/03403779a251ca14a7f1b07a41c7aa735fd451f0aebe4c4f901a231167a4/psycopg2-2.9.12-cp313-cp313-win_amd64.whl", hash = "sha256:3d23e684927d37b95cee9a943f6927b04ae2fdcd056fd0e2a30929ee89fee5a9", size = 2757176, upload-time = "2026-04-20T23:33:23.577Z" },
    { url = "https://files.pythonhosted.org/packages/73/4a/a3566f77501c21a6c2a1fc234dbe5dff74a86e3f150ef070e4ffb835e7f9/psycopg2-2.9.12-cp314-cp314-win_amd64.whl", hash = "sha256:a73d5513bfe929c56555006c7a9cc7ae6e4276aa99dd2b1e2544eb8bb54f8b23", size = 2848588, upload-time = "2026-04-20T23:33:25.983Z" },
]

[[package]]
name = "pytz"
version = "2026.2"
source = { registry = "https://pypi.org/simple" }
sdist = { url = "https://files.pythonhosted.org/packages/ff/46/dd499ec9038423421951e4fad73051febaa13d2df82b4064f87af8b8c0c3/pytz-2026.2.tar.gz", hash = "sha256:0e60b47b29f21574376f218fe21abc009894a2321ea16c6754f3cad6eb7cdd6a", size = 320861, upload-time = "2026-05-04T01:35:29.667Z" }
wheels = [
    { url = "https://files.pythonhosted.org/packages/ec/dd/96da98f892250475bdf2328112d7468abdd4acc7b902b6af23f4ed958ea0/pytz-2026.2-py2.py3-none-any.whl", hash = "sha256:04156e608bee23d3792fd45c94ae47fae1036688e75032eea2e3bf0323d1f126", size = 510141, upload-time = "2026-05-04T01:35:27.408Z" },
]

[[package]]
name = "ruff"
version = "0.15.22"
source = { registry = "https://pypi.org/simple" }
sdist = { url = "https://files.pythonhosted.org/packages/3a/06/ae069393fc66e8ff33036d4b368003833bf6e88ccf182e17e7a2f1c754fd/ruff-0.15.22.tar.gz", hash = "sha256:3f15175b1fb580126f58285a5dae6b2ea89000136d980c64499211f116b54809", size = 4785063, upload-time = "2026-07-16T15:14:13.244Z" }
wheels = [
    { url = "https://files.pythonhosted.org/packages/23/18/ee54b7ae1e121be7a28ea6da4b67564ebb0530e183a54415ab7e3bcd2c4e/ruff-0.15.22-py3-none-linux_armv6l.whl", hash = "sha256:44423e73493737f5e7c5b41d475483898ff37afcdae38bc3da5085e29af1c2d8", size = 10781258, upload-time = "2026-07-16T15:13:19.452Z" },
    { url = "https://files.pythonhosted.org/packages/2f/d2/2520cb14761ddbeaf57642a76942fc36adcbdbe53b4532241995f6fc485c/ruff-0.15.22-py3-none-macosx_10_12_x86_64.whl", hash = "sha256:b82c6482946e9eda7ff2e091d25b8bad3f718684e1916d41bd56873cee05b697", size = 10999477, upload-time = "2026-07-16T15:13:23.318Z" },
    { url = "https://files.pythonhosted.org/packages/c9/10/74e53572aa758dfaa678c2a2646b5c5515d884b7ca56be4d2ce03ca4b560/ruff-0.15.22-py3-none-macosx_11_0_arm64.whl", hash = "sha256:11c1c715af53a09f714e011106bffc419751ec8232fcb5da42173284ea3fec6f", size = 10466716, upload-time = "2026-07-16T15:13:26.162Z" },
    { url = "https://files.pythonhosted.org/packages/1e/cc/44eaaf0844e028182f2d0a8f2190d0f359159aed0a9e5ab861d892f1ae2a/ruff-0.15.22-py3-none-manylinux_2_17_aarch64.manylinux2014_aarch64.whl", hash = "sha256:742a29cf29bddb7c8327895d6a10e0e6c5b38a96dd407af9b5d0857f809c0576", size = 10892644, upload-time = "2026-07-16T15:13:29.229Z" },
    { url = "https://files.pythonhosted.org/packages/9f/21/8edf559014d2b0f82beea19cfb713993ad802ccda16868769979c6090a84/ruff-0.15.22-py3-none-manylinux_2_17_armv7l.manylinux2014_armv7l.whl", hash = "sha256:72af58b951b0ae395935ae79763dc349bc0eb706319d28f7a33ad2cfb3cfc178", size = 10576719, upload-time = "2026-07-16T15:13:32.35Z" },
    { url = "https://files.pythonhosted.org/packages/bf/1e/3a13abd392a3b50b62e5938a831f9ab6e588358cacad5c18545b716d2182/ruff-0.15.22-py3-none-manylinux_2_17_i686.manylinux2014_i686.whl", hash = "sha256:62d425005c1835eb24e2ee4161cb90e8db263415f4a71c8c72c33abaa6c0c224", size = 11376494, upload-time = "2026-07-16T15:13:35.958Z" },
    { url = "https://files.pythonhosted.org/packages/bf/3e/422d3d95bcf04dd78e1aeac22184d4f9a8fb2c01865d39d44618484a0317/ruff-0.15.22-py3-none-manylinux_2_17_ppc64le.manylinux2014_ppc64le.whl", hash = "sha256:e8b9b3f8779a4f08c969defc3c8c35abffaa757e601ed5ae66d6d1db6519969a", size = 12208370, upload-time = "2026-07-16T15:13:39.185Z" },
    { url = "https://files.pythonhosted.org/packages/1e/91/5d065a0e0a02bf4813f5119ad278462eed081d2b832eb7c021ade0ec9e65/ruff-0.15.22-py3-none-manylinux_2_17_s390x.manylinux2014_s390x.whl", hash = "sha256:1e0dd1b2e4d3d585f897a0d137cbf4eaf6223bef4e8ce34d6bb12556c5f9249e", size = 11581098, upload-time = "2026-07-16T15:13:42.132Z" },
    { url = "https://files.pythonhosted.org/packages/f6/f9/a0d4871d12fae702eb1f41b686caf05f1f8b124dc6db6f784f53d74918fa/ruff-0.15.22-py3-none-manylinux_2_17_x86_64.manylinux2014_x86_64.whl", hash = "sha256:365523eb91d9224e1bcb03b022fbf0facb8f9e23792a2c53d9d4b3924bdbdebb", size = 11399422, upload-time = "2026-07-16T15:13:45.2Z" },
    { url = "https://files.pythonhosted.org/packages/18/80/c843a5176cddbceb0b7e8dd41cf9993490796c1c469348d384f5a5c13c56/ruff-0.15.22-py3-none-manylinux_2_31_riscv64.whl", hash = "sha256:fabfd168afdf29fee5be98b831efa9683c94d7c5a3b58b9ce5a2e38444589a74", size = 11381683, upload-time = "2026-07-16T15:13:48.46Z" },
    { url = "https://files.pythonhosted.org/packages/d4/00/8485de0ae92239438a36cfc51350db9b9e85c9ebdfaea91b18e422706662/ruff-0.15.22-py3-none-musllinux_1_2_aarch64.whl", hash = "sha256:225dbf095a87f1d9f90f5fd7924d2613ee452a75a4308c63a8f50f761787aa7c", size = 10850295, upload-time = "2026-07-16T15:13:51.655Z" },
    { url = "https://files.pythonhosted.org/packages/fa/91/24977ec2ec72eaf15e4394ace2959fdff2dd1e14f03e005e838023407169/ruff-0.15.22-py3-none-musllinux_1_2_armv7l.whl", hash = "sha256:1877d63b9d24ed278744f1523fd11b85540566d54641f97c566d7d9dc5ca5296", size = 10579640, upload-time = "2026-07-16T15:13:54.79Z" },
    { url = "https://files.pythonhosted.org/packages/9c/47/9b51216951974df1f263ac19da550d34252e0ed7218c25f10c5ef9ed7517/ruff-0.15.22-py3-none-musllinux_1_2_i686.whl", hash = "sha256:a1606c510bd7215680d32efab38965f7cdec3ef69f5170a3f4791404ffdd5262", size = 11105077, upload-time = "2026-07-16T15:13:57.915Z" },
    { url = "https://files.pythonhosted.org/packages/c2/47/20e9d4a3b8016778acea5fc32bb50d35d207500a17ddb529ffa6996feef8/ruff-0.15.22-py3-none-musllinux_1_2_x86_64.whl", hash = "sha256:630479b18625f5ffc373f77603a22a9f8ac0acd7ff0501178b5db28ec71e9c64", size = 11490980, upload-time = "2026-07-16T15:14:01.032Z" },
    { url = "https://files.pythonhosted.org/packages/4d/76/3f72d8fc38c1cb77b38c56a70da9d0c17700cc1cc50f9649c9d3c8f5ba71/ruff-0.15.22-py3-none-win32.whl", hash = "sha256:e5ba0e4a13fd14abbed2a77b517a3911290c6c6c59ef67784328d1668fab76cf", size = 10789165, upload-time = "2026-07-16T15:14:04.16Z" },
    { url = "https://files.pythonhosted.org/packages/cb/46/4965251734c2b6fcdca1b1b187d20bcac3af0ee5b083b89c910bb961ce3a/ruff-0.15.22-py3-none-win_amd64.whl", hash = "sha256:9be63ba1eb936acd2d1342fb8337c356353706fce233b2a15a09a97037e6acde", size = 11938297, upload-time = "2026-07-16T15:14:07.316Z" },
    { url = "https://files.pythonhosted.org/packages/57/c9/e69b1ff4c8b69093ef08b8919ab767af0569666865b39c30a8795d88d3c6/ruff-0.15.22-py3-none-win_arm64.whl", hash = "sha256:e1168075b72158510839f250027659cdd78476f40507dd517892304c41318661", size = 11298172, upload-time = "2026-07-16T15:14:10.51Z" },
]

[[package]]
name = "sqlparse"
version = "0.6.0"
source = { registry = "https://pypi.org/simple" }
sdist = { url = "https://files.pythonhosted.org/packages/5f/d3/3f06a1006f2261d1342aefb3c71eed02f5d4ca5bdbecd86ebc12ad38306e/sqlparse-0.6.0.tar.gz", hash = "sha256:113c35c75365ab9cc9c7231d68c6428fb11c085fc8e9eb1ad659b7ddbf6cd2b9", size = 178477, upload-time = "2026-08-13T19:16:06.396Z" }
wheels = [
    { url = "https://files.pythonhosted.org/packages/d9/50/f00935da0ec7cbf325f8dc4f772ae46fbc7b672dd62876e73f0a94adda57/sqlparse-0.6.0-py3-none-any.whl", hash = "sha256:b861c0288ce2fa56209a9a6412d2e066ac664b3873b89c26c9d8415e8e32996f", size = 50070, upload-time = "2026-08-13T19:16:04.062Z" },
]

[[package]]
name = "types-psycopg2"
version = "2.9.21.20260712"
source = { registry = "https://pypi.org/simple" }
sdist = { url = "https://files.pythonhosted.org/packages/de/f2/4326b61737922d4e5b2ce18f6e9f9034fda861414bff07fc473fdc879692/types_psycopg2-2.9.21.20260712.tar.gz", hash = "sha256:18157ddfe3f2d66db5c2908c2e27fe79a6867b11bdba515434b108ac2aa377d8", size = 27581, upload-time = "2026-07-12T05:13:30.106Z" }
wheels = [
    { url = "https://files.pythonhosted.org/packages/cd/c8/5a8e02cb0ff4e0cc2ed12a7bc30a7d6ad498d40d98c6f508774ad9cdac49/types_psycopg2-2.9.21.20260712-py3-none-any.whl", hash = "sha256:a78a615a5e828d99dc6fe46ddf16d0732ab7564de1065d1b3ad9dac3067b64cc", size = 24967, upload-time = "2026-07-12T05:13:29.188Z" },
]

[[package]]
name = "typing-extensions"
version = "4.16.0"
source = { registry = "https://pypi.org/simple" }
sdist = { url = "https://files.pythonhosted.org/packages/f6/cc/6253133b5bb138fc3306cebfbda2c520f545d36b5be2c7255cc528bb45d6/typing_extensions-4.16.0.tar.gz", hash = "sha256:dc983d19a509c94dba722ee6abd33940f7c05a89e243c47e907eb4db6f1a43e5", size = 113555, upload-time = "2026-07-02T08:40:05.92Z" }
wheels = [
    { url = "https://files.pythonhosted.org/packages/49/d3/b8441a820a491ddfc024b0b0cf0393375b75ea13866d9c66727e54c2fc80/typing_extensions-4.16.0-py3-none-any.whl", hash = "sha256:481caa481374e813c1b176ada14e97f1f67a4539ce9cfeb3f350d78d6370c2e8", size = 45571, upload-time = "2026-07-02T08:40:04.659Z" },
]

[[package]]
name = "tzdata"
version = "2026.3"
source = { registry = "https://pypi.org/simple" }
sdist = { url = "https://files.pythonhosted.org/packages/92/ff/5a28bdfd8c3ebec42564ac7d0e54ca3db65044a9314a97f9564fa7a1e926/tzdata-2026.3.tar.gz", hash = "sha256:4a1518b8993086a7982523e071643f3c0e5f213e75b21318e78bcabfff9d1415", size = 198674, upload-time = "2026-07-10T08:50:37.887Z" }
wheels = [
    { url = "https://files.pythonhosted.org/packages/e5/6d/b53b99a9f2766d095985947a5782f1702cabb129a34f7a802d7197af832f/tzdata-2026.3-py2.py3-none-any.whl", hash = "sha256:dc096730c87af6cab1b171c9d532be840741ff5d459015e7f6947bd7d7e54931", size = 348168, upload-time = "2026-07-10T08:50:36.46Z" },
]
