version = 1
revision = 3
requires-python = ">=3.10"
resolution-markers = [
    "python_full_version >= '3.12'",
    "python_full_version < '3.12'",
]

[[package]]
name = "asgiref"
version = "3.11.1"
source = { registry = "https://pypi.org/simple" }
dependencies = [
    { name = "typing-extensions", marker = "python_full_version < '3.11'" },
]
sdist = { url = "https://files.pythonhosted.org/packages/63/40/f03da1264ae8f7cfdbf9146542e5e7e8100a4c66ab48e791df9a03d3f6c0/asgiref-3.11.1.tar.gz", hash = "sha256:5f184dc43b7e763efe848065441eac62229c9f7b0475f41f80e207a114eda4ce", size = 38550, upload-time = "2026-02-03T13:30:14.33Z" }
wheels = [
    { url = "https://files.pythonhosted.org/packages/5c/0a/a72d10ed65068e115044937873362e6e32fab1b7dce0046aeb224682c989/asgiref-3.11.1-py3-none-any.whl", hash = "sha256:e8667a091e69529631969fd45dc268fa79b99c92c5fcdda727757e52146ec133", size = 24345, upload-time = "2026-02-03T13:30:13.039Z" },
]

[[package]]
name = "click"
version = "8.3.3"
source = { registry = "https://pypi.org/simple" }
dependencies = [
    { name = "colorama", marker = "sys_platform == 'win32'" },
]
sdist = { url = "https://files.pythonhosted.org/packages/bb/63/f9e1ea081ce35720d8b92acde70daaedace594dc93b693c869e0d5910718/click-8.3.3.tar.gz", hash = "sha256:398329ad4837b2ff7cbe1dd166a4c0f8900c3ca3a218de04466f38f6497f18a2", size = 328061, upload-time = "2026-04-22T15:11:27.506Z" }
wheels = [
    { url = "https://files.pythonhosted.org/packages/ae/44/c1221527f6a71a01ec6fbad7fa78f1d50dfa02217385cf0fa3eec7087d59/click-8.3.3-py3-none-any.whl", hash = "sha256:a2bf429bb3033c89fa4936ffb35d5cb471e3719e1f3c8a7c3fff0b8314305613", size = 110502, upload-time = "2026-04-22T15:11:25.044Z" },
]

[[package]]
name = "colorama"
version = "0.4.6"
source = { registry = "https://pypi.org/simple" }
sdist = { url = "https://files.pythonhosted.org/packages/d8/53/6f443c9a4a8358a93a6792e2acffb9d9d5cb0a5cfd8802644b7b1c9a02e4/colorama-0.4.6.tar.gz", hash = "sha256:08695f5cb7ed6e0531a20572697297273c47b8cae5a63ffc6d6ed5c201be6e44", size = 27697, upload-time = "2022-10-25T02:36:22.414Z" }
wheels = [
    { url = "https://files.pythonhosted.org/packages/d1/d6/3965ed04c63042e047cb6a3e6ed1a63a35087b6a609aa3a15ed8ac56c221/colorama-0.4.6-py2.py3-none-any.whl", hash = "sha256:4f1d9991f5acc0ca119f9d443620b77f9d6b33703e51011c16baf57afb285fc6", size = 25335, upload-time = "2022-10-25T02:36:20.889Z" },
]

[[package]]
name = "crispy-bootstrap3"
version = "2024.1"
source = { registry = "https://pypi.org/simple" }
dependencies = [
    { name = "django" },
    { name = "django-crispy-forms" },
]
sdist = { url = "https://files.pythonhosted.org/packages/d1/80/ca6242629ea7405b4d6deb206f94dc3e2bff355ba139e94827f3be944eff/crispy-bootstrap3-2024.1.tar.gz", hash = "sha256:343c696ae1a854ac0ccad25e9e7d782400783034220a11aa179d1d799acf6161", size = 29205, upload-time = "2024-01-13T09:04:54.782Z" }
wheels = [
    { url = "https://files.pythonhosted.org/packages/64/94/343eddaec74bcaf691478f296b60de1c50ebccfc41ed78eb6bf9587616f1/crispy_bootstrap3-2024.1-py3-none-any.whl", hash = "sha256:257555c61ec6cd792e8654822e836794237465442a6e4b47ed31f7464e8c10f4", size = 21313, upload-time = "2024-01-13T09:04:53.289Z" },
]

[[package]]
name = "django"
version = "5.2.13"
source = { registry = "https://pypi.org/simple" }
dependencies = [
    { name = "asgiref" },
    { name = "sqlparse" },
    { name = "tzdata", marker = "sys_platform == 'win32'" },
]
sdist = { url = "https://files.pythonhosted.org/packages/1f/c5/c69e338eb2959f641045802e5ea87ca4bf5ac90c5fd08953ca10742fad51/django-5.2.13.tar.gz", hash = "sha256:a31589db5188d074c63f0945c3888fad104627dfcc236fb2b97f71f89da33bc4", size = 10890368, upload-time = "2026-04-07T14:02:15.072Z" }
wheels = [
    { url = "https://files.pythonhosted.org/packages/59/b1/51ab36b2eefcf8cdb9338c7188668a157e29e30306bfc98a379704c9e10d/django-5.2.13-py3-none-any.whl", hash = "sha256:5788fce61da23788a8ce6f02583765ab060d396720924789f97fa42119d37f7a", size = 8310982, upload-time = "2026-04-07T14:02:08.883Z" },
]

[[package]]
name = "django-bootstrap3-datetimepicker-2"
version = "2.8.3"
source = { registry = "https://pypi.org/simple" }
sdist = { url = "https://files.pythonhosted.org/packages/30/60/4e5557e2269f7e4c66d0bf6faa76b706ec7f3f71afded14caeb61fa11b2e/django-bootstrap3-datetimepicker-2-2.8.3.tar.gz", hash = "sha256:d1859b55f6ea29eadc544ac8c27b302b855d44e18a3be7d47eca05eea6b015ce", size = 7819, upload-time = "2022-08-08T13:41:39.149Z" }
wheels = [
    { url = "https://files.pythonhosted.org/packages/fb/f9/be4ed98600bc7a2ea3478613928fd1d475ca220e85073f98d2008f98c7e8/django_bootstrap3_datetimepicker_2-2.8.3-py3-none-any.whl", hash = "sha256:56887e785f431b6416a262aef4d0cf18bf061d831d4c314cbe816875fd07f56a", size = 7448, upload-time = "2022-08-08T13:41:37.696Z" },
]

[[package]]
name = "django-crispy-forms"
version = "2.6"
source = { registry = "https://pypi.org/simple" }
dependencies = [
    { name = "django" },
]
sdist = { url = "https://files.pythonhosted.org/packages/73/42/c2cfb672493730b963ef377b103e29871c56348a215d0ae8cf362fe8ab1e/django_crispy_forms-2.6.tar.gz", hash = "sha256:4921a1087c6cd4f9fa3c139654c1de1c1c385f8bd6729aaee530bc0121ab4b93", size = 1097838, upload-time = "2026-03-01T09:03:37.138Z" }
wheels = [
    { url = "https://files.pythonhosted.org/packages/96/e3/4c5915a732d6ab54da8871400852b67529518eedfb6b78ecf10bbccfcabb/django_crispy_forms-2.6-py3-none-any.whl", hash = "sha256:8ee0ae28b6b0ac41ff48a65944480c049fe8d1b0047086874fd7efabf4ec1374", size = 31479, upload-time = "2026-03-01T09:03:36.048Z" },
]

[[package]]
name = "django-types"
version = "0.23.0"
source = { registry = "https://pypi.org/simple" }
dependencies = [
    { name = "types-psycopg2" },
]
sdist = { url = "https://files.pythonhosted.org/packages/73/9a/5c652bbc8694489782c415d7d6fa0782219e401aba25f4d1df2b95c3a34c/django_types-0.23.0.tar.gz", hash = "sha256:f97fb746166fb15a5f40e470a1fd7a58226349aac9e0a9cb8ae81deb14d94fd0", size = 208369, upload-time = "2026-02-04T00:36:23.33Z" }
wheels = [
    { url = "https://files.pythonhosted.org/packages/73/de/471afcd92022642544f7866dd5620bc85f04e4312d5e29d7f2960f31f010/django_types-0.23.0-py3-none-any.whl", hash = "sha256:0727b13ae810c4b1f14eeac9872834ac928c99dc76584ea7c23afc4461e049dd", size = 379397, upload-time = "2026-02-04T00:36:21.783Z" },
]

[[package]]
name = "expensely"
version = "2020.1"
source = { editable = "." }
dependencies = [
    { name = "crispy-bootstrap3" },
    { name = "django" },
    { name = "django-bootstrap3-datetimepicker-2" },
    { name = "django-crispy-forms" },
    { name = "granian" },
    { name = "pytz" },
]

[package.optional-dependencies]
postgres = [
    { name = "psycopg2" },
]

[package.dev-dependencies]
dev = [
    { name = "django-types" },
    { name = "ruff" },
]

[package.metadata]
requires-dist = [
    { name = "crispy-bootstrap3", specifier = ">=2024.1" },
    { name = "django", specifier = ">=5.1" },
    { name = "django-bootstrap3-datetimepicker-2", specifier = ">=2.8.2" },
    { name = "django-crispy-forms", specifier = ">=2.3" },
    { name = "granian", specifier = ">=2.6.1,<3" },
    { name = "psycopg2", marker = "extra == 'postgres'", specifier = ">=2.9.10,<3" },
    { name = "pytz", specifier = ">=2020.1" },
]
provides-extras = ["postgres"]

[package.metadata.requires-dev]
dev = [
    { name = "django-types" },
    { name = "ruff", specifier = ">=0.9" },
]

[[package]]
name = "granian"
version = "2.7.4"
source = { registry = "https://pypi.org/simple" }
dependencies = [
    { name = "click" },
]
sdist = { url = "https://files.pythonhosted.org/packages/db/0c/27aa25280b6c1f323312e83088304da8a7f3e5c1e568d3a560365ec6fa67/granian-2.7.4.tar.gz", hash = "sha256:1dc0530d7ae6b0ae43aafafe771ac0b8c38af68bbd71ab355828817faf13aac1", size = 128212, upload-time = "2026-04-23T11:55:55.275Z" }
wheels = [
    { url = "https://files.pythonhosted.org/packages/1c/23/ccaa1c786aa528a672d6f25ce236156aeb06a63931109aa6f2d4d3c8a350/granian-2.7.4-cp310-cp310-macosx_10_12_x86_64.whl", hash = "sha256:1c2a13c5c119e34369f984d8414edb8ba3793d7c78c37bb795942648dda3eca1", size = 6354293, upload-time = "2026-04-23T11:53:32.922Z" },
    { url = "https://files.pythonhosted.org/packages/91/b7/2b0b0e2dc07cb17febbbf3b349c96f425a53d913ba76278091f821adfc22/granian-2.7.4-cp310-cp310-macosx_11_0_arm64.whl", hash = "sha256:91963c4928a355d772f14075057ff721423bce70612a619edc2daf04dd258577", size = 6050464, upload-time = "2026-04-23T11:53:34.912Z" },
    { url = "https://files.pythonhosted.org/packages/a3/9c/1feb488abb85446ac7d12d05a93788a3a6b42810d64d5806ebc309c65fc9/granian-2.7.4-cp310-cp310-manylinux_2_17_armv7l.manylinux2014_armv7l.whl", hash = "sha256:9d068796cb7e8e0b7a4c8d51077701e37104a39cd103c655a5c232ad561fb07c", size = 6883201, upload-time = "2026-04-23T11:53:36.73Z" },
    { url = "https://files.pythonhosted.org/packages/c8/ac/176b47bb48689fe3575ccbf372d67dd52fb0390686f4d8b7174ab2538ce5/granian-2.7.4-cp310-cp310-manylinux_2_17_i686.manylinux2014_i686.whl", hash = "sha256:c932f5c292b643019c4dd410a352789dbb8cb2cb41ec5b373779a87375de398a", size = 6135933, upload-time = "2026-04-23T11:53:38.552Z" },
    { url = "https://files.pythonhosted.org/packages/25/5d/4d894789683bd074bbe0361df7e3e524a2b763e44d771e326a16d4ea014b/granian-2.7.4-cp310-cp310-manylinux_2_17_x86_64.manylinux2014_x86_64.whl", hash = "sha256:b7a8f411408b0b65a07460e39cb53178e30a15ff5f0c77ed6aa31e1106590ea9", size = 6783971, upload-time = "2026-04-23T11:53:40.602Z" },
    { url = "https://files.pythonhosted.org/packages/88/e3/fe781d55306f1542b3db0fac13b70b39846b5e9a400fda9a3a2bf04a9af6/granian-2.7.4-cp310-cp310-manylinux_2_28_aarch64.whl", hash = "sha256:6b7ab6a1a0c0d77ec1dd1145b7c8f3da5251ec7926c005da22f7415bf1b217a7", size = 6906647, upload-time = "2026-04-23T11:53:42.352Z" },
    { url = "https://files.pythonhosted.org/packages/76/11/c10af6940d8bb73cfb4eaa6781eb3f5c7880e1b69d9d87edc63292171538/granian-2.7.4-cp310-cp310-musllinux_1_1_aarch64.whl", hash = "sha256:6036316f781f7ad1412d7aa10b49c5a25e69fae3f67ed766b0923ebb43aa5118", size = 6930262, upload-time = "2026-04-23T11:53:43.855Z" },
    { url = "https://files.pythonhosted.org/packages/f4/3d/5d129792626ac990d3b14d484736b8eafa202966f1a541c5b665c30fc880/granian-2.7.4-cp310-cp310-musllinux_1_1_armv7l.whl", hash = "sha256:acef581d94270a22763fba192fc8cef0df77dac125080ca27e6e847a5e59cd07", size = 7050428, upload-time = "2026-04-23T11:53:45.385Z" },
    { url = "https://files.pythonhosted.org/packages/4c/e0/9a9d9f9d0e68277d49829d53746b2e8b3761e7b79a666fd9a4f445587321/granian-2.7.4-cp310-cp310-musllinux_1_1_x86_64.whl", hash = "sha256:187a85fe36561c74a1db94b858175824c3154ebe6d0aa61c97124427f5c5a5fa", size = 6899482, upload-time = "2026-04-23T11:53:47.372Z" },
    { url = "https://files.pythonhosted.org/packages/19/de/04de408275968d4bff8e6fed9d6abf406beccac27412a08c8daaab7c9534/granian-2.7.4-cp310-cp310-win_amd64.whl", hash = "sha256:c73c6099206288c903a305d975064fbb51f9d0c78d06c914b23dde56165105c9", size = 3995374, upload-time = "2026-04-23T11:53:48.751Z" },
    { url = "https://files.pythonhosted.org/packages/df/00/a7db7e3627992c59927f57d5447638be515e683e2c8037ab7845250270d2/granian-2.7.4-cp311-cp311-macosx_10_12_x86_64.whl", hash = "sha256:455c51baf51dd0c3d22004fc04f9afb0662cb84ab2b75b48e5d6bb8b3e4e3548", size = 6353285, upload-time = "2026-04-23T11:53:50.113Z" },
    { url = "https://files.pythonhosted.org/packages/b2/23/337ab1a0929cb0cfbdedc06879cff62d6c08cb725fa2d4e139c7e305fed3/granian-2.7.4-cp311-cp311-macosx_11_0_arm64.whl", hash = "sha256:f2c54f3fe69790aa4b685372bcc8f382a8e9ba570b8ea4cb476e3b240a5a5a7c", size = 6050711, upload-time = "2026-04-23T11:53:51.887Z" },
    { url = "https://files.pythonhosted.org/packages/28/ba/3605834adaf5dc9ac3701b817bc9d42c73c89fb67815c7c87c7f64a9b6e1/granian-2.7.4-cp311-cp311-manylinux_2_17_armv7l.manylinux2014_armv7l.whl", hash = "sha256:f9549c44b325fe51ee4fc57308761f5178add4d531f1cc333b4a1eedf4a5b7af", size = 6882199, upload-time = "2026-04-23T11:53:53.298Z" },
    { url = "https://files.pythonhosted.org/packages/2e/1e/f11c9773dbf07ed326efc26a771b39ce97f7ee25608c16d69248db2da8da/granian-2.7.4-cp311-cp311-manylinux_2_17_i686.manylinux2014_i686.whl", hash = "sha256:0910390ea8f893cc4c3f38a28c923a321609358cf46d31aa7df5c3d3e58e8337", size = 6135800, upload-time = "2026-04-23T11:53:55.186Z" },
    { url = "https://files.pythonhosted.org/packages/f1/96/ca238b4f5d813643264abace48ca630efb1ab6d10409bd9e2c05c1d1ef12/granian-2.7.4-cp311-cp311-manylinux_2_17_x86_64.manylinux2014_x86_64.whl", hash = "sha256:b0de44552990b3dacb87ea3f37ebbcce67881712c0b0db500013821b14df7e4e", size = 6784786, upload-time = "2026-04-23T11:53:56.706Z" },
    { url = "https://files.pythonhosted.org/packages/ae/85/2feeffc37fe3c8a0f3e932393bcc99c8972984fe95907b34b380284caf1c/granian-2.7.4-cp311-cp311-manylinux_2_28_aarch64.whl", hash = "sha256:5c9c6d51a675d9b7084244e63157899dd1afe6f1a5ab014015bc86afd4871df5", size = 6906836, upload-time = "2026-04-23T11:53:58.991Z" },
    { url = "https://files.pythonhosted.org/packages/ae/b6/faed26e3abd741e1d261defc0e7e3b2ecb9a2189c557e829bb28c3281456/granian-2.7.4-cp311-cp311-musllinux_1_1_aarch64.whl", hash = "sha256:6be8c6ebbc53efea03284aef87de9b7367df3c9433f7df3b46c1edceaaa9d840", size = 6929985, upload-time = "2026-04-23T11:54:00.846Z" },
    { url = "https://files.pythonhosted.org/packages/25/5c/9f7a836177b5e94ad15da49046254e5b837e1d2c3d03981111d4af9a9d2b/granian-2.7.4-cp311-cp311-musllinux_1_1_armv7l.whl", hash = "sha256:c10e056a6e76da640adb35f88d41ba40ae44065c5e04d4bc35f47c19a7f83a99", size = 7050668, upload-time = "2026-04-23T11:54:02.466Z" },
    { url = "https://files.pythonhosted.org/packages/08/88/19c01761d639b5e2c2eb2f12ff064c6765f32fa7f129c9f48162cdca0668/granian-2.7.4-cp311-cp311-musllinux_1_1_x86_64.whl", hash = "sha256:0e60a3153456f8922ca73d3a427cc3bb594c021f70ec08ecded6581efe25f48c", size = 6899480, upload-time = "2026-04-23T11:54:03.948Z" },
    { url = "https://files.pythonhosted.org/packages/04/ec/9022f3c2728fcd99f9374ce633e254b201f4bf76fbe60031bbc137f1cf8a/granian-2.7.4-cp311-cp311-win_amd64.whl", hash = "sha256:e9cafbf391d16ea8b8a2e9f88501783fac8da75eb948620899062a17929c4a84", size = 3996087, upload-time = "2026-04-23T11:54:05.771Z" },
    { url = "https://files.pythonhosted.org/packages/8d/d9/148024fd3a8bd974bb5c68a0cb48d15df7763fd1364bf090ccc2d423028a/granian-2.7.4-cp312-cp312-macosx_10_12_x86_64.whl", hash = "sha256:2c2f40aaecf2ba3d8232e55181c8f6db7bc68d9112a419ab8d5f9e2f33f631f5", size = 6374067, upload-time = "2026-04-23T11:54:07.293Z" },
    { url = "https://files.pythonhosted.org/packages/fc/bb/c53b61a7cb67d33677d96913438eca3d79de1b1b7173a361fcdf2753ade7/granian-2.7.4-cp312-cp312-macosx_11_0_arm64.whl", hash = "sha256:a8111d5e74b27721e0fdda3edba7c154d44c41b469466857ca3c51b088e3846b", size = 6046338, upload-time = "2026-04-23T11:54:08.684Z" },
    { url = "https://files.pythonhosted.org/packages/29/8d/5c9dc91b9c9a05bf6ed0b795d30f4bb8f290d61502779a89ed2fd75f9fb6/granian-2.7.4-cp312-cp312-manylinux_2_17_armv7l.manylinux2014_armv7l.whl", hash = "sha256:74adbb6c1920dbf4271b824135639318b2a20ff5e33bc35639a8e2928a777234", size = 7000585, upload-time = "2026-04-23T11:54:10.451Z" },
    { url = "https://files.pythonhosted.org/packages/d9/7c/c770593b24a472ab5265a44546f56079757efbf89f8e8b2229a8443e453b/granian-2.7.4-cp312-cp312-manylinux_2_17_i686.manylinux2014_i686.whl", hash = "sha256:0b778d356b61e0389c823016ad2be50a634b80d3d28a33922f7ac39553e828ad", size = 6255544, upload-time = "2026-04-23T11:54:12.484Z" },
    { url = "https://files.pythonhosted.org/packages/15/46/796147587edb494a330294cb001cf68520ad8296a7da91d80ec672ac8615/granian-2.7.4-cp312-cp312-manylinux_2_17_x86_64.manylinux2014_x86_64.whl", hash = "sha256:3607b091c4ef225ee99150f3b02cb827de8d677b52fc75f0b28893244f7bab27", size = 6875124, upload-time = "2026-04-23T11:54:13.967Z" },
    { url = "https://files.pythonhosted.org/packages/c5/25/b867f624886e11053e7a6235244de26fd864a136e65d12295e728b3e5005/granian-2.7.4-cp312-cp312-manylinux_2_28_aarch64.whl", hash = "sha256:3d3cf4fe3cafd9b874d8b749c66c790cbf2b4225f2a7d9fb284c51b77a8e938d", size = 6982394, upload-time = "2026-04-23T11:54:15.733Z" },
    { url = "https://files.pythonhosted.org/packages/4f/e1/5746bfe202bd2f6a1506346463ce52dd015c2b5d03d07a53ecf0fddefa3f/granian-2.7.4-cp312-cp312-musllinux_1_1_aarch64.whl", hash = "sha256:846c9cbfea8684ab13d21d66855ad06dc077fb95b5590e7f5040e79994d6429d", size = 6991457, upload-time = "2026-04-23T11:54:17.325Z" },
    { url = "https://files.pythonhosted.org/packages/e0/45/fc6992839d367b6ae8fa8d88b5e70ec293162c3a2e0e6b90fc426f228df2/granian-2.7.4-cp312-cp312-musllinux_1_1_armv7l.whl", hash = "sha256:d34d97cfe4a7805ecb5b1b1684f3f197bb4baf019d2a9f18e34fd1d697a03a7f", size = 7148499, upload-time = "2026-04-23T11:54:19.234Z" },
    { url = "https://files.pythonhosted.org/packages/fe/12/16ffd64a1213858d4cf824767b398758be807dd1a6df5a303dc76994b6d6/granian-2.7.4-cp312-cp312-musllinux_1_1_x86_64.whl", hash = "sha256:f11336e4bcd8ef5c5143b075b5260e37e8431eb36d68564cc39416ca526c797f", size = 7006829, upload-time = "2026-04-23T11:54:20.804Z" },
    { url = "https://files.pythonhosted.org/packages/95/9a/f2fcda200f8739ddf25be72591b7a28897be0ffd952a76ec655e5f877144/granian-2.7.4-cp312-cp312-win_amd64.whl", hash = "sha256:9e0a4370773ec4a0e92a55a33fc700b60003e335480e5c7fe941f4bc3dda2e18", size = 4026771, upload-time = "2026-04-23T11:54:22.36Z" },
    { url = "https://files.pythonhosted.org/packages/0a/0f/fa7c63afedcb214edb96703cade360d946d5f1ca59ddb0b3d8e04587fb45/granian-2.7.4-cp313-cp313-macosx_10_12_x86_64.whl", hash = "sha256:d11da4a4527ba8dc28b5533d5e3241d8d9212e593195d27c6e72c8a422010af5", size = 6373513, upload-time = "2026-04-23T11:54:24.246Z" },
    { url = "https://files.pythonhosted.org/packages/be/39/3088ce32d940f7982102ea3bdc230090e34ac56dc0bce04f2d03b56ea435/granian-2.7.4-cp313-cp313-macosx_11_0_arm64.whl", hash = "sha256:057a3db87e93eca1a11255dd13b45b5dd83f798a750fd87f02e14d54db5741b6", size = 6045232, upload-time = "2026-04-23T11:54:25.708Z" },
    { url = "https://files.pythonhosted.org/packages/ac/61/588f6b5397ea4f5bd9fc8de4b8cc092c555b8d95371c03d149b3bc419277/granian-2.7.4-cp313-cp313-manylinux_2_17_armv7l.manylinux2014_armv7l.whl", hash = "sha256:bb63d64c686799cea850c0c328d21adf75e323991a20be04923afc729432d2b5", size = 7001059, upload-time = "2026-04-23T11:54:27.532Z" },
    { url = "https://files.pythonhosted.org/packages/58/63/2affbcecfe96f940744c2086ea3793935d5f6898207590a579c92fc8588f/granian-2.7.4-cp313-cp313-manylinux_2_17_i686.manylinux2014_i686.whl", hash = "sha256:f406648c47569e983f0c58bd0853bac30a2bcdc6227428255ee5cc65a8ee62b6", size = 6255487, upload-time = "2026-04-23T11:54:29.397Z" },
    { url = "https://files.pythonhosted.org/packages/87/ac/31f7155a467020e7640e91af15ca3a70b0e7da210de42e3d3344e5eba8d0/granian-2.7.4-cp313-cp313-manylinux_2_17_x86_64.manylinux2014_x86_64.whl", hash = "sha256:2bd56306eed06e293f4848c5ea997e1d019d1ad13b8252dde1f0bc773aca85ef", size = 6875068, upload-time = "2026-04-23T11:54:31.128Z" },
    { url = "https://files.pythonhosted.org/packages/99/22/402cc903e5c4e82bd363177392d4e1dcab8b27c1f7006c5316c37c597056/granian-2.7.4-cp313-cp313-manylinux_2_28_aarch64.whl", hash = "sha256:732639e612e6b6e8d481f399f367e8c9bbb6f0e1b7b0aa74db340c574ee3dd98", size = 6982487, upload-time = "2026-04-23T11:54:32.704Z" },
    { url = "https://files.pythonhosted.org/packages/d3/92/3878f977bda82fc3a66fc7e95a54366a7b82edd53e6c9fdb3ec053693280/granian-2.7.4-cp313-cp313-musllinux_1_1_aarch64.whl", hash = "sha256:47b8fdbfb369d52bb3fb884514a6a3a7e4d8e81c65fd26e5232985f2b46ebe0f", size = 6990683, upload-time = "2026-04-23T11:54:34.301Z" },
    { url = "https://files.pythonhosted.org/packages/ce/b3/a1239f3bc4e9034e07cb32403e6a6d26db01bba1c244dd654f6a76bf2612/granian-2.7.4-cp313-cp313-musllinux_1_1_armv7l.whl", hash = "sha256:b679086082bfd7c1aa8c248ef673b715616a4ce58eec6fbeef8b83b30ac84283", size = 7148570, upload-time = "2026-04-23T11:54:36.494Z" },
    { url = "https://files.pythonhosted.org/packages/89/3c/fef781ea7356b21f671615dd0d53adc00fad81031a9ea506f80d1f46a43d/granian-2.7.4-cp313-cp313-musllinux_1_1_x86_64.whl", hash = "sha256:a29191e949a99ffae2807abb7a864f7493f7a744e4fe2ddd2b5cd8db9b71378d", size = 7006976, upload-time = "2026-04-23T11:54:38.135Z" },
    { url = "https://files.pythonhosted.org/packages/56/54/ae2979fc45c06fbb37f595ee10eb6b138b6056202163b8e274d140d3f87b/granian-2.7.4-cp313-cp313-win_amd64.whl", hash = "sha256:07d26325cc69371ea2dc9d3a9cd0cc851c1c8e3dce40aca90e8c204547b5ba7e", size = 4027044, upload-time = "2026-04-23T11:54:39.957Z" },
    { url = "https://files.pythonhosted.org/packages/21/51/10344430e495bfa128dccc114957b33e712e971f91668788c08fe791df73/granian-2.7.4-cp313-cp313t-macosx_10_12_x86_64.whl", hash = "sha256:4e093fe9511387313ad7ec9a76b0c78397cc584ef3dff47d46c336c5aee9cd8d", size = 6249290, upload-time = "2026-04-23T11:54:41.738Z" },
    { url = "https://files.pythonhosted.org/packages/ec/46/c7eda2e71a89a13e174598649f721c63ed3d908c0904b62621e8a433af0f/granian-2.7.4-cp313-cp313t-macosx_11_0_arm64.whl", hash = "sha256:227889f821526b8b60c5edf31b01fc987c4193bb0fc198c0998e0841e0cb719c", size = 5901799, upload-time = "2026-04-23T11:54:43.708Z" },
    { url = "https://files.pythonhosted.org/packages/72/d8/79e51f9f794389a9d6cab3d7c6b834b87d65fba72a43784eb5d2664a57a6/granian-2.7.4-cp313-cp313t-manylinux_2_12_i686.manylinux2010_i686.whl", hash = "sha256:2b28d4aec5a9f2758a48da1897649a01b70ee1c00f2c4649db574527a3d00943", size = 6037594, upload-time = "2026-04-23T11:54:45.595Z" },
    { url = "https://files.pythonhosted.org/packages/ce/d8/835873a407279435fa0c8e8ac52392d3ba5c9a652bb15c0036aa07d9c302/granian-2.7.4-cp313-cp313t-manylinux_2_17_armv7l.manylinux2014_armv7l.whl", hash = "sha256:f708fea5024a40e0dfba1c17c1c4b09e02e00ac0ac9ac1e345b409f0c11b71e5", size = 6966672, upload-time = "2026-04-23T11:54:47.242Z" },
    { url = "https://files.pythonhosted.org/packages/92/5f/21eacdda27c38e4194de5f9bef36c4045058daf6d58533fadb7c54c70573/granian-2.7.4-cp313-cp313t-manylinux_2_17_x86_64.manylinux2014_x86_64.whl", hash = "sha256:f7006dfe9852cded794bc60008a168faf4dc2ecc18f1d74b5fde545685b699ec", size = 6563668, upload-time = "2026-04-23T11:54:49.751Z" },
    { url = "https://files.pythonhosted.org/packages/bd/06/9b19956d75277df44ee380e873a86b9890c431f2e2bcde32b3ba341f0efa/granian-2.7.4-cp313-cp313t-manylinux_2_28_aarch64.whl", hash = "sha256:77103af44034e30505fb5577b8214b0ad39cd6cbdc854ff980d4755faf93adaa", size = 6664285, upload-time = "2026-04-23T11:54:51.502Z" },
    { url = "https://files.pythonhosted.org/packages/85/33/740e0c9478be49c0778c4ea1773357680980e10e84b59bc19664033996dc/granian-2.7.4-cp313-cp313t-musllinux_1_1_aarch64.whl", hash = "sha256:b23194e1e0652297086224212605edb4998442511637e732d6009506277f8ff9", size = 6820367, upload-time = "2026-04-23T11:54:53.506Z" },
    { url = "https://files.pythonhosted.org/packages/c2/ad/3453fc1212268a01fee957122f2b1699af0efe50eca07ac570e11d1be12b/granian-2.7.4-cp313-cp313t-musllinux_1_1_armv7l.whl", hash = "sha256:f62941a4ffa1f1c2c5750cfc0b0ad96aa85d63b016125289779eef8888f5340d", size = 7132366, upload-time = "2026-04-23T11:54:55.123Z" },
    { url = "https://files.pythonhosted.org/packages/6c/ca/8479e4d2a02f210ce68b5dc73c77953ec1dfd3769bf725d06e6ec420d502/granian-2.7.4-cp313-cp313t-musllinux_1_1_x86_64.whl", hash = "sha256:ea6f97d2ade676f1bf49b79088fa4b5640b8b9804b7470218486df3d4be50046", size = 6842094, upload-time = "2026-04-23T11:54:56.665Z" },
    { url = "https://files.pythonhosted.org/packages/0d/96/71f95c73220726aee3e908b3ad2745c4c44fbfba508cb5ed615a9d4d367f/granian-2.7.4-cp313-cp313t-win_amd64.whl", hash = "sha256:759140ceef02ef72e57a184461927d72bcc2ddd3664c3cbbf4def7516f818041", size = 3974523, upload-time = "2026-04-23T11:54:58.541Z" },
    { url = "https://files.pythonhosted.org/packages/98/5d/a0c3d8778cd8aa68131974d34c439a38a00a32953e71e3b549759a5e3cdb/granian-2.7.4-cp314-cp314-macosx_10_12_x86_64.whl", hash = "sha256:c19ebe797d7383cbb3497c599b8201af71f9fff6b18deaf9965d106f61588ab8", size = 6322736, upload-time = "2026-04-23T11:55:00.292Z" },
    { url = "https://files.pythonhosted.org/packages/5e/99/211da053030574f2402c750f3e3e5dc587f5192eac4888affe6ca8894a9f/granian-2.7.4-cp314-cp314-macosx_11_0_arm64.whl", hash = "sha256:4cee0bdba9179537669c2fa0afab2ce89327a372f1b2a82f280798da321c996c", size = 6052103, upload-time = "2026-04-23T11:55:02.797Z" },
    { url = "https://files.pythonhosted.org/packages/ab/9d/23ec1fd519a4c0db961b05d1821869ed6371cbaf8b3d3a0a85c04f89e6ca/granian-2.7.4-cp314-cp314-manylinux_2_17_armv7l.manylinux2014_armv7l.whl", hash = "sha256:a4bc5b54845bfb5f87537483f25c8f8e6003c3c1b4b0eadf6b93a432d0604265", size = 7000868, upload-time = "2026-04-23T11:55:04.826Z" },
    { url = "https://files.pythonhosted.org/packages/98/35/b8798c98c90d3293d9c85580ea6021f148d5ab73ab99d1f82a0e66f73131/granian-2.7.4-cp314-cp314-manylinux_2_17_i686.manylinux2014_i686.whl", hash = "sha256:b550fb98b89465c8192b6e506993de6bfb956838e715ffb58e944aec1afdae99", size = 6257266, upload-time = "2026-04-23T11:55:06.962Z" },
    { url = "https://files.pythonhosted.org/packages/6b/4f/5574db17193d90a5831120a0ce2a2dc64a711110ccb9af5a3630260c3597/granian-2.7.4-cp314-cp314-manylinux_2_17_x86_64.manylinux2014_x86_64.whl", hash = "sha256:d7100a6a6d3835fec2a207fef536a259dd42d9efdb5c46933cf6f9d55d5bfaad", size = 6849667, upload-time = "2026-04-23T11:55:08.862Z" },
    { url = "https://files.pythonhosted.org/packages/66/a7/90b85cc6a31cbee772fc8ee731479429a64169e389444a5fdd685d44a342/granian-2.7.4-cp314-cp314-manylinux_2_28_aarch64.whl", hash = "sha256:034ac1bfe8c19b5a7916d35a1ca426845db9ac11215f1b367566aec3b6530549", size = 6902612, upload-time = "2026-04-23T11:55:10.888Z" },
    { url = "https://files.pythonhosted.org/packages/06/6c/ba203ca40bd406db0412bca70281e44712f941bc6aafb59a628f4811d517/granian-2.7.4-cp314-cp314-musllinux_1_1_aarch64.whl", hash = "sha256:baf1c390a25d3d9840204c39e7b801c909e99e896ae2713d898c46b563cbf962", size = 6927025, upload-time = "2026-04-23T11:55:12.663Z" },
    { url = "https://files.pythonhosted.org/packages/ee/52/77e2abfba54523943eea275ebbe733a6d186fe646304fe25f6d22b243d03/granian-2.7.4-cp314-cp314-musllinux_1_1_armv7l.whl", hash = "sha256:3bb99778ae05c1118cd694717d025cc0b85f5ee81f60cbcb2a8783692798db96", size = 7146800, upload-time = "2026-04-23T11:55:14.459Z" },
    { url = "https://files.pythonhosted.org/packages/1d/66/7209201856b7de8d3c643ba87e11272c4d651c216d05ea3fcbdce0da4ab0/granian-2.7.4-cp314-cp314-musllinux_1_1_x86_64.whl", hash = "sha256:13f0a39872afa81c6aaa8e29832371fd831373140f1f04de459ff862824f488b", size = 6999983, upload-time = "2026-04-23T11:55:16.236Z" },
    { url = "https://files.pythonhosted.org/packages/c3/45/bd1e521284714615996dcee48dad47d8b97ca2767a7e7cccd392f25fc176/granian-2.7.4-cp314-cp314-win_amd64.whl", hash = "sha256:97b5aeec98a9c6c0695bf8f068bd03aca83fc17c0d977a9c3a2e57bb5f10d47e", size = 3989433, upload-time = "2026-04-23T11:55:17.774Z" },
    { url = "https://files.pythonhosted.org/packages/45/a2/609f8f0dca7f596b5fb6e57b988b4b8f4d6579724b2720933c379d43301a/granian-2.7.4-cp314-cp314t-macosx_10_12_x86_64.whl", hash = "sha256:a7b1aca6c654f0e61c9e493dd6d3ddb1698f47dc33ed04566a6635948b081b64", size = 6251034, upload-time = "2026-04-23T11:55:19.29Z" },
    { url = "https://files.pythonhosted.org/packages/4c/f5/2eefa8ff477cce7b119ed2fe97fc1f3b2d108397d4755e83a5198149f2c8/granian-2.7.4-cp314-cp314t-macosx_11_0_arm64.whl", hash = "sha256:d4e0c8cc6850dec7180a26b6805b2c4cdbac4c1c48077fd7857a3cd8ff342d9d", size = 5912772, upload-time = "2026-04-23T11:55:21.581Z" },
    { url = "https://files.pythonhosted.org/packages/ae/40/9a5070badaed4ceecf4082855985840c320f7232b8c1ddc93e1732c63265/granian-2.7.4-cp314-cp314t-manylinux_2_12_i686.manylinux2010_i686.whl", hash = "sha256:7e6b1f6e0fe873efa3393ef28803ff699a94254f2a7dc07422cc01d9849e2136", size = 6037318, upload-time = "2026-04-23T11:55:23.855Z" },
    { url = "https://files.pythonhosted.org/packages/95/52/1db412e63425cb12f5ca61877956583c6d12f21657b1a3e47eb3200e9c1b/granian-2.7.4-cp314-cp314t-manylinux_2_17_armv7l.manylinux2014_armv7l.whl", hash = "sha256:dce110217825cff60f68da83280bc20471b10e004e720fa94b845e01925d8698", size = 6962778, upload-time = "2026-04-23T11:55:26.095Z" },
    { url = "https://files.pythonhosted.org/packages/b4/f2/fcca39f617bf70e29ef903bb7a4d037970c637023484f2112d9ed6882516/granian-2.7.4-cp314-cp314t-manylinux_2_17_x86_64.manylinux2014_x86_64.whl", hash = "sha256:058f9a4ebfc7b9c2577569c6ecfd333628d0d045de272afaa65ee9933849778c", size = 6566618, upload-time = "2026-04-23T11:55:28.233Z" },
    { url = "https://files.pythonhosted.org/packages/ee/20/0da1bb552746d74275017e1ffc7fc419dd1a33345f132f6f5a90f9f41142/granian-2.7.4-cp314-cp314t-manylinux_2_28_aarch64.whl", hash = "sha256:7c05f74fa5b5dcedc9f035a7c10b8afd90a3d941975a370f1e07c3f3095dd883", size = 6670850, upload-time = "2026-04-23T11:55:29.945Z" },
    { url = "https://files.pythonhosted.org/packages/11/2a/d0d9cdb10d2760e2f47bd4600c8eef02e326f8f7e253a80ce4ba384265e6/granian-2.7.4-cp314-cp314t-musllinux_1_1_aarch64.whl", hash = "sha256:8b992bbc667e3c74de4ad48ac8d735c7cddf3f709fc2097f7dd230ecc46fd7b3", size = 6824752, upload-time = "2026-04-23T11:55:32.066Z" },
    { url = "https://files.pythonhosted.org/packages/3d/79/0432f92f9df6e54394e4dd1c159c0d4814d255a2d2541fa9a5c187d19152/granian-2.7.4-cp314-cp314t-musllinux_1_1_armv7l.whl", hash = "sha256:df05e0f85712b3e90ddf28cb8be358664b1afa8cb8f09978141ca70052dca3a7", size = 7130809, upload-time = "2026-04-23T11:55:33.807Z" },
    { url = "https://files.pythonhosted.org/packages/19/03/11cc0e08f59f03a3cd6a1fe46d7632a0f8690ef945a495b1303140bb7541/granian-2.7.4-cp314-cp314t-musllinux_1_1_x86_64.whl", hash = "sha256:dbc620f35b67cf6b03d2b6a24b9b442d1bf52961eaebadb2c3ff214d3d0c8dc4", size = 6845920, upload-time = "2026-04-23T11:55:35.583Z" },
    { url = "https://files.pythonhosted.org/packages/b4/49/bcbaaeec0f68d3d1a3dd1fdd21e4a6963d303ae18027c42b2b53f87d6b89/granian-2.7.4-cp314-cp314t-win_amd64.whl", hash = "sha256:b9df8aead4d71562753788264db23d32db34147bb73294ddd90833bef1f4cf35", size = 3981107, upload-time = "2026-04-23T11:55:37.597Z" },
    { url = "https://files.pythonhosted.org/packages/51/18/577637bb861ab688db8eb5d698ad700133818debd7ae6f58c0574c43f70e/granian-2.7.4-pp311-pypy311_pp73-macosx_10_12_x86_64.whl", hash = "sha256:ce50300cf876f418ba0545f6e8c56d8c75038fc503add0fd1b58d9a3057d95ea", size = 6363314, upload-time = "2026-04-23T11:55:39.837Z" },
    { url = "https://files.pythonhosted.org/packages/48/41/11a6219baa10270f1a6a2a101cfa372e5d55a46a839a43b49a8d087fac09/granian-2.7.4-pp311-pypy311_pp73-macosx_11_0_arm64.whl", hash = "sha256:eb7f727f14d7d485a5df4078e7cc3038864b4e7c380865968e75e1e51e62457a", size = 6027259, upload-time = "2026-04-23T11:55:42.122Z" },
    { url = "https://files.pythonhosted.org/packages/bf/58/12b19b17fb79ee064a8a77a865a031bb49f4ea813789ad63186458ea02c9/granian-2.7.4-pp311-pypy311_pp73-manylinux_2_17_x86_64.manylinux2014_x86_64.whl", hash = "sha256:abbab303b502a770355c13c93569e6c0c71ccc864ab41b59636720d5a643f6b3", size = 6760497, upload-time = "2026-04-23T11:55:44.116Z" },
    { url = "https://files.pythonhosted.org/packages/45/9f/572711f882423f599707aae577ccdbc1700cf0cc3ceb4e9500e00c6b8d14/granian-2.7.4-pp311-pypy311_pp73-manylinux_2_28_aarch64.whl", hash = "sha256:f0b0423fa33a1afb9730fbfb5700fef4dac16bf7a1b7a2a79d0349739c1b1f44", size = 6843897, upload-time = "2026-04-23T11:55:46.322Z" },
    { url = "https://files.pythonhosted.org/packages/31/f9/75d51721069a184cd00310c4b0b0d614a6370905c13a096ccee193432ba3/granian-2.7.4-pp311-pypy311_pp73-musllinux_1_1_aarch64.whl", hash = "sha256:efa0d4fc35ab42562747e4103124e1c4f21afab081c1591de6472174a3416802", size = 6876194, upload-time = "2026-04-23T11:55:48.231Z" },
    { url = "https://files.pythonhosted.org/packages/44/5e/fd81492529bc2b02dafc63c95d03c2c7faa26ac883ccd94aa93b21fc68c3/granian-2.7.4-pp311-pypy311_pp73-musllinux_1_1_armv7l.whl", hash = "sha256:03b5ce06df095b5db49bd4e976ac8d8419bb0e73dc160613fc3db5e5d5dcd1af", size = 7094066, upload-time = "2026-04-23T11:55:50.328Z" },
    { url = "https://files.pythonhosted.org/packages/c7/04/f2fa35dc2956edb9a5abaabc0840aed92b4121ce27adf684a1c75e3c70ac/granian-2.7.4-pp311-pypy311_pp73-musllinux_1_1_x86_64.whl", hash = "sha256:9247db25dd66f74766a6a9488f1279c9b40cf422c6d7a04010492fa1aa7c9019", size = 6892580, upload-time = "2026-04-23T11:55:52.084Z" },
    { url = "https://files.pythonhosted.org/packages/72/6f/f45fa86c36fcc34f6e613bb223b10fd36c6acd9f7aa43d4f65d0f1eff4cc/granian-2.7.4-pp311-pypy311_pp73-win_amd64.whl", hash = "sha256:efccd6818a1ac4cba7eededf5e2768f56d4a8c7c93bd5e3a8d7a901510976944", size = 3971242, upload-time = "2026-04-23T11:55:53.834Z" },
]

[[package]]
name = "psycopg2"
version = "2.9.11"
source = { registry = "https://pypi.org/simple" }
sdist = { url = "https://files.pythonhosted.org/packages/89/8d/9d12bc8677c24dad342ec777529bce705b3e785fa05d85122b5502b9ab55/psycopg2-2.9.11.tar.gz", hash = "sha256:964d31caf728e217c697ff77ea69c2ba0865fa41ec20bb00f0977e62fdcc52e3", size = 379598, upload-time = "2025-10-10T11:14:46.075Z" }
wheels = [
    { url = "https://files.pythonhosted.org/packages/e3/ba/b7672ed9d0be238265972ef52a7a8c9e9e815ca2a7dc19a1b2e4b5b637f0/psycopg2-2.9.11-cp310-cp310-win_amd64.whl", hash = "sha256:103e857f46bb76908768ead4e2d0ba1d1a130e7b8ed77d3ae91e8b33481813e8", size = 2713725, upload-time = "2025-10-10T11:10:09.391Z" },
    { url = "https://files.pythonhosted.org/packages/86/fe/d6dce306fd7b61e312757ba4d068617f562824b9c6d3e4a39fc578ea2814/psycopg2-2.9.11-cp311-cp311-win_amd64.whl", hash = "sha256:210daed32e18f35e3140a1ebe059ac29209dd96468f2f7559aa59f75ee82a5cb", size = 2713723, upload-time = "2025-10-10T11:10:12.957Z" },
    { url = "https://files.pythonhosted.org/packages/b5/bf/635fbe5dd10ed200afbbfbe98f8602829252ca1cce81cc48fb25ed8dadc0/psycopg2-2.9.11-cp312-cp312-win_amd64.whl", hash = "sha256:e03e4a6dbe87ff81540b434f2e5dc2bddad10296db5eea7bdc995bf5f4162938", size = 2713969, upload-time = "2025-10-10T11:10:15.946Z" },
    { url = "https://files.pythonhosted.org/packages/88/5a/18c8cb13fc6908dc41a483d2c14d927a7a3f29883748747e8cb625da6587/psycopg2-2.9.11-cp313-cp313-win_amd64.whl", hash = "sha256:8dc379166b5b7d5ea66dcebf433011dfc51a7bb8a5fc12367fa05668e5fc53c8", size = 2714048, upload-time = "2025-10-10T11:10:19.816Z" },
    { url = "https://files.pythonhosted.org/packages/47/08/737aa39c78d705a7ce58248d00eeba0e9fc36be488f9b672b88736fbb1f7/psycopg2-2.9.11-cp314-cp314-win_amd64.whl", hash = "sha256:f10a48acba5fe6e312b891f290b4d2ca595fc9a06850fe53320beac353575578", size = 2803738, upload-time = "2025-10-10T11:10:23.196Z" },
]

[[package]]
name = "pytz"
version = "2025.2"
source = { registry = "https://pypi.org/simple" }
sdist = { url = "https://files.pythonhosted.org/packages/f8/bf/abbd3cdfb8fbc7fb3d4d38d320f2441b1e7cbe29be4f23797b4a2b5d8aac/pytz-2025.2.tar.gz", hash = "sha256:360b9e3dbb49a209c21ad61809c7fb453643e048b38924c765813546746e81c3", size = 320884, upload-time = "2025-03-25T02:25:00.538Z" }
wheels = [
    { url = "https://files.pythonhosted.org/packages/81/c4/34e93fe5f5429d7570ec1fa436f1986fb1f00c3e0f43a589fe2bbcd22c3f/pytz-2025.2-py2.py3-none-any.whl", hash = "sha256:5ddf76296dd8c44c26eb8f4b6f35488f3ccbf6fbbd7adee0b7262d43f0ec2f00", size = 509225, upload-time = "2025-03-25T02:24:58.468Z" },
]

[[package]]
name = "ruff"
version = "0.15.4"
source = { registry = "https://pypi.org/simple" }
sdist = { url = "https://files.pythonhosted.org/packages/da/31/d6e536cdebb6568ae75a7f00e4b4819ae0ad2640c3604c305a0428680b0c/ruff-0.15.4.tar.gz", hash = "sha256:3412195319e42d634470cc97aa9803d07e9d5c9223b99bcb1518f0c725f26ae1", size = 4569550, upload-time = "2026-02-26T20:04:14.959Z" }
wheels = [
    { url = "https://files.pythonhosted.org/packages/f2/82/c11a03cfec3a4d26a0ea1e571f0f44be5993b923f905eeddfc397c13d360/ruff-0.15.4-py3-none-linux_armv6l.whl", hash = "sha256:a1810931c41606c686bae8b5b9a8072adac2f611bb433c0ba476acba17a332e0", size = 10453333, upload-time = "2026-02-26T20:04:20.093Z" },
    { url = "https://files.pythonhosted.org/packages/ce/5d/6a1f271f6e31dffb31855996493641edc3eef8077b883eaf007a2f1c2976/ruff-0.15.4-py3-none-macosx_10_12_x86_64.whl", hash = "sha256:5a1632c66672b8b4d3e1d1782859e98d6e0b4e70829530666644286600a33992", size = 10853356, upload-time = "2026-02-26T20:04:05.808Z" },
    { url = "https://files.pythonhosted.org/packages/b1/d8/0fab9f8842b83b1a9c2bf81b85063f65e93fb512e60effa95b0be49bfc54/ruff-0.15.4-py3-none-macosx_11_0_arm64.whl", hash = "sha256:a4386ba2cd6c0f4ff75252845906acc7c7c8e1ac567b7bc3d373686ac8c222ba", size = 10187434, upload-time = "2026-02-26T20:03:54.656Z" },
    { url = "https://files.pythonhosted.org/packages/85/cc/cc220fd9394eff5db8d94dec199eec56dd6c9f3651d8869d024867a91030/ruff-0.15.4-py3-none-manylinux_2_17_aarch64.manylinux2014_aarch64.whl", hash = "sha256:b2496488bdfd3732747558b6f95ae427ff066d1fcd054daf75f5a50674411e75", size = 10535456, upload-time = "2026-02-26T20:03:52.738Z" },
    { url = "https://files.pythonhosted.org/packages/fa/0f/bced38fa5cf24373ec767713c8e4cadc90247f3863605fb030e597878661/ruff-0.15.4-py3-none-manylinux_2_17_armv7l.manylinux2014_armv7l.whl", hash = "sha256:3f1c4893841ff2d54cbda1b2860fa3260173df5ddd7b95d370186f8a5e66a4ac", size = 10287772, upload-time = "2026-02-26T20:04:08.138Z" },
    { url = "https://files.pythonhosted.org/packages/2b/90/58a1802d84fed15f8f281925b21ab3cecd813bde52a8ca033a4de8ab0e7a/ruff-0.15.4-py3-none-manylinux_2_17_i686.manylinux2014_i686.whl", hash = "sha256:820b8766bd65503b6c30aaa6331e8ef3a6e564f7999c844e9a547c40179e440a", size = 11049051, upload-time = "2026-02-26T20:04:03.53Z" },
    { url = "https://files.pythonhosted.org/packages/d2/ac/b7ad36703c35f3866584564dc15f12f91cb1a26a897dc2fd13d7cb3ae1af/ruff-0.15.4-py3-none-manylinux_2_17_ppc64le.manylinux2014_ppc64le.whl", hash = "sha256:c9fb74bab47139c1751f900f857fa503987253c3ef89129b24ed375e72873e85", size = 11890494, upload-time = "2026-02-26T20:04:10.497Z" },
    { url = "https://files.pythonhosted.org/packages/93/3d/3eb2f47a39a8b0da99faf9c54d3eb24720add1e886a5309d4d1be73a6380/ruff-0.15.4-py3-none-manylinux_2_17_s390x.manylinux2014_s390x.whl", hash = "sha256:f80c98765949c518142b3a50a5db89343aa90f2c2bf7799de9986498ae6176db", size = 11326221, upload-time = "2026-02-26T20:04:12.84Z" },
    { url = "https://files.pythonhosted.org/packages/ff/90/bf134f4c1e5243e62690e09d63c55df948a74084c8ac3e48a88468314da6/ruff-0.15.4-py3-none-manylinux_2_17_x86_64.manylinux2014_x86_64.whl", hash = "sha256:451a2e224151729b3b6c9ffb36aed9091b2996fe4bdbd11f47e27d8f2e8888ec", size = 11168459, upload-time = "2026-02-26T20:04:00.969Z" },
    { url = "https://files.pythonhosted.org/packages/b5/e5/a64d27688789b06b5d55162aafc32059bb8c989c61a5139a36e1368285eb/ruff-0.15.4-py3-none-manylinux_2_31_riscv64.whl", hash = "sha256:a8f157f2e583c513c4f5f896163a93198297371f34c04220daf40d133fdd4f7f", size = 11104366, upload-time = "2026-02-26T20:03:48.099Z" },
    { url = "https://files.pythonhosted.org/packages/f1/f6/32d1dcb66a2559763fc3027bdd65836cad9eb09d90f2ed6a63d8e9252b02/ruff-0.15.4-py3-none-musllinux_1_2_aarch64.whl", hash = "sha256:917cc68503357021f541e69b35361c99387cdbbf99bd0ea4aa6f28ca99ff5338", size = 10510887, upload-time = "2026-02-26T20:03:45.771Z" },
    { url = "https://files.pythonhosted.org/packages/ff/92/22d1ced50971c5b6433aed166fcef8c9343f567a94cf2b9d9089f6aa80fe/ruff-0.15.4-py3-none-musllinux_1_2_armv7l.whl", hash = "sha256:e9737c8161da79fd7cfec19f1e35620375bd8b2a50c3e77fa3d2c16f574105cc", size = 10285939, upload-time = "2026-02-26T20:04:22.42Z" },
    { url = "https://files.pythonhosted.org/packages/e6/f4/7c20aec3143837641a02509a4668fb146a642fd1211846634edc17eb5563/ruff-0.15.4-py3-none-musllinux_1_2_i686.whl", hash = "sha256:291258c917539e18f6ba40482fe31d6f5ac023994ee11d7bdafd716f2aab8a68", size = 10765471, upload-time = "2026-02-26T20:03:58.924Z" },
    { url = "https://files.pythonhosted.org/packages/d0/09/6d2f7586f09a16120aebdff8f64d962d7c4348313c77ebb29c566cefc357/ruff-0.15.4-py3-none-musllinux_1_2_x86_64.whl", hash = "sha256:3f83c45911da6f2cd5936c436cf86b9f09f09165f033a99dcf7477e34041cbc3", size = 11263382, upload-time = "2026-02-26T20:04:24.424Z" },
    { url = "https://files.pythonhosted.org/packages/1b/fa/2ef715a1cd329ef47c1a050e10dee91a9054b7ce2fcfdd6a06d139afb7ec/ruff-0.15.4-py3-none-win32.whl", hash = "sha256:65594a2d557d4ee9f02834fcdf0a28daa8b3b9f6cb2cb93846025a36db47ef22", size = 10506664, upload-time = "2026-02-26T20:03:50.56Z" },
    { url = "https://files.pythonhosted.org/packages/d0/a8/c688ef7e29983976820d18710f955751d9f4d4eb69df658af3d006e2ba3e/ruff-0.15.4-py3-none-win_amd64.whl", hash = "sha256:04196ad44f0df220c2ece5b0e959c2f37c777375ec744397d21d15b50a75264f", size = 11651048, upload-time = "2026-02-26T20:04:17.191Z" },
    { url = "https://files.pythonhosted.org/packages/3e/0a/9e1be9035b37448ce2e68c978f0591da94389ade5a5abafa4cf99985d1b2/ruff-0.15.4-py3-none-win_arm64.whl", hash = "sha256:60d5177e8cfc70e51b9c5fad936c634872a74209f934c1e79107d11787ad5453", size = 10966776, upload-time = "2026-02-26T20:03:56.908Z" },
]

[[package]]
name = "sqlparse"
version = "0.5.5"
source = { registry = "https://pypi.org/simple" }
sdist = { url = "https://files.pythonhosted.org/packages/90/76/437d71068094df0726366574cf3432a4ed754217b436eb7429415cf2d480/sqlparse-0.5.5.tar.gz", hash = "sha256:e20d4a9b0b8585fdf63b10d30066c7c94c5d7a7ec47c889a2d83a3caa93ff28e", size = 120815, upload-time = "2025-12-19T07:17:45.073Z" }
wheels = [
    { url = "https://files.pythonhosted.org/packages/49/4b/359f28a903c13438ef59ebeee215fb25da53066db67b305c125f1c6d2a25/sqlparse-0.5.5-py3-none-any.whl", hash = "sha256:12a08b3bf3eec877c519589833aed092e2444e68240a3577e8e26148acc7b1ba", size = 46138, upload-time = "2025-12-19T07:17:46.573Z" },
]

[[package]]
name = "types-psycopg2"
version = "2.9.21.20260223"
source = { registry = "https://pypi.org/simple" }
sdist = { url = "https://files.pythonhosted.org/packages/55/1f/4daff0ce5e8e191844e65aaa793ed1b9cb40027dc2700906ecf2b6bcc0ed/types_psycopg2-2.9.21.20260223.tar.gz", hash = "sha256:78ed70de2e56bc6b5c26c8c1da8e9af54e49fdc3c94d1504609f3519e2b84f02", size = 27090, upload-time = "2026-02-23T04:11:18.177Z" }
wheels = [
    { url = "https://files.pythonhosted.org/packages/8d/e7/c566df58410bc0728348b514e718f0b38fa0d248b5c10599a11494ba25d2/types_psycopg2-2.9.21.20260223-py3-none-any.whl", hash = "sha256:c6228ade72d813b0624f4c03feeb89471950ac27cd0506b5debed6f053086bc8", size = 24919, upload-time = "2026-02-23T04:11:17.214Z" },
]

[[package]]
name = "typing-extensions"
version = "4.15.0"
source = { registry = "https://pypi.org/simple" }
sdist = { url = "https://files.pythonhosted.org/packages/72/94/1a15dd82efb362ac84269196e94cf00f187f7ed21c242792a923cdb1c61f/typing_extensions-4.15.0.tar.gz", hash = "sha256:0cea48d173cc12fa28ecabc3b837ea3cf6f38c6d1136f85cbaaf598984861466", size = 109391, upload-time = "2025-08-25T13:49:26.313Z" }
wheels = [
    { url = "https://files.pythonhosted.org/packages/18/67/36e9267722cc04a6b9f15c7f3441c2363321a3ea07da7ae0c0707beb2a9c/typing_extensions-4.15.0-py3-none-any.whl", hash = "sha256:f0fa19c6845758ab08074a0cfa8b7aecb71c999ca73d62883bc25cc018c4e548", size = 44614, upload-time = "2025-08-25T13:49:24.86Z" },
]

[[package]]
name = "tzdata"
version = "2025.3"
source = { registry = "https://pypi.org/simple" }
sdist = { url = "https://files.pythonhosted.org/packages/5e/a7/c202b344c5ca7daf398f3b8a477eeb205cf3b6f32e7ec3a6bac0629ca975/tzdata-2025.3.tar.gz", hash = "sha256:de39c2ca5dc7b0344f2eba86f49d614019d29f060fc4ebc8a417896a620b56a7", size = 196772, upload-time = "2025-12-13T17:45:35.667Z" }
wheels = [
    { url = "https://files.pythonhosted.org/packages/c7/b0/003792df09decd6849a5e39c28b513c06e84436a54440380862b5aeff25d/tzdata-2025.3-py2.py3-none-any.whl", hash = "sha256:06a47e5700f3081aab02b2e513160914ff0694bce9947d6b76ebd6bf57cfc5d1", size = 348521, upload-time = "2025-12-13T17:45:33.889Z" },
]
